
Microsoft Visual Studio Solution File, Format Version 12.00
# Visual Studio Version 17
VisualStudioVersion = 17.0.32112.339
MinimumVisualStudioVersion = 15.0.26124.0
Project("{9A19103F-16F7-4668-BE54-9A1E7A4F7556}") = "Fluffle.Api", "Fluffle.Api\Fluffle.Api.csproj", "{A8D94D36-BDD4-468F-96D0-0D1FC4CB6B8B}"
EndProject
Project("{9A19103F-16F7-4668-BE54-9A1E7A4F7556}") = "Fluffle.Api.Communication", "Fluffle.Api.Communication\Fluffle.Api.Communication.csproj", "{B56A95F9-4EE4-4B4C-9996-4657F7871C32}"
EndProject
Project("{9A19103F-16F7-4668-BE54-9A1E7A4F7556}") = "Fluffle.B2", "Fluffle.B2\Fluffle.B2.csproj", "{86547008-70D0-47D0-A8AF-131D513EFA49}"
EndProject
Project("{9A19103F-16F7-4668-BE54-9A1E7A4F7556}") = "Fluffle.Configuration", "Fluffle.Configuration\Fluffle.Configuration.csproj", "{4981A668-B763-4F3A-BC30-38BA13DB2066}"
EndProject
Project("{9A19103F-16F7-4668-BE54-9A1E7A4F7556}") = "Fluffle.Constants", "Fluffle.Constants\Fluffle.Constants.csproj", "{1ED357B1-C58F-4829-ACDA-A53C3C95FEEF}"
EndProject
Project("{9A19103F-16F7-4668-BE54-9A1E7A4F7556}") = "Fluffle.Database", "Fluffle.Database\Fluffle.Database.csproj", "{C2F2906E-A875-477D-B802-6D2752EFD06D}"
EndProject
Project("{9A19103F-16F7-4668-BE54-9A1E7A4F7556}") = "Fluffle.E621Sync", "Fluffle.E621Sync\Fluffle.E621Sync.csproj", "{226EA79B-D58B-46E2-93EF-33B5AF807955}"
EndProject
Project("{9A19103F-16F7-4668-BE54-9A1E7A4F7556}") = "Fluffle.Http", "Fluffle.Http\Fluffle.Http.csproj", "{B8D5112E-3849-4417-882E-12178D7D2CBF}"
EndProject
Project("{9A19103F-16F7-4668-BE54-9A1E7A4F7556}") = "Fluffle.Index", "Fluffle.Index\Fluffle.Index.csproj", "{71082EAA-C20B-4DBA-8513-A99B1038A7BE}"
EndProject
Project("{9A19103F-16F7-4668-BE54-9A1E7A4F7556}") = "Fluffle.Main.Api", "Fluffle.Main.Api\Fluffle.Main.Api.csproj", "{640F6780-9097-4803-A779-2EB83E6F43FC}"
EndProject
Project("{9A19103F-16F7-4668-BE54-9A1E7A4F7556}") = "Fluffle.Main.Client", "Fluffle.Main.Client\Fluffle.Main.Client.csproj", "{998AF00A-5A65-445C-AC39-87860DB99477}"
EndProject
Project("{9A19103F-16F7-4668-BE54-9A1E7A4F7556}") = "Fluffle.Main.Communication", "Fluffle.Main.Communication\Fluffle.Main.Communication.csproj", "{C7B249A8-0B5F-4728-A1DB-FFC43E0A28AC}"
EndProject
Project("{9A19103F-16F7-4668-BE54-9A1E7A4F7556}") = "Fluffle.Main.Database", "Fluffle.Main.Database\Fluffle.Main.Database.csproj", "{77CD1E54-B27D-41DD-AD66-3C2C9AE5C652}"
EndProject
Project("{9A19103F-16F7-4668-BE54-9A1E7A4F7556}") = "Fluffle.PerceptualHashing", "Fluffle.PerceptualHashing\Fluffle.PerceptualHashing.csproj", "{EF83E8FB-9607-4CBC-96E0-05BE92B74B7E}"
EndProject
Project("{9A19103F-16F7-4668-BE54-9A1E7A4F7556}") = "Fluffle.Search.Database", "Fluffle.Search.Database\Fluffle.Search.Database.csproj", "{2A5A39D2-EE7F-4DA9-A664-11F8DA6AACA8}"
EndProject
Project("{9A19103F-16F7-4668-BE54-9A1E7A4F7556}") = "Fluffle.Search.Api", "Fluffle.Search.Api\Fluffle.Search.Api.csproj", "{89CB6EED-7A82-4B09-8211-A4FAB32F0339}"
EndProject
Project("{9A19103F-16F7-4668-BE54-9A1E7A4F7556}") = "Fluffle.Service", "Fluffle.Service\Fluffle.Service.csproj", "{C11B9BEF-8762-456B-8FC5-89870B98E301}"
EndProject
Project("{9A19103F-16F7-4668-BE54-9A1E7A4F7556}") = "Fluffle.Sync", "Fluffle.Sync\Fluffle.Sync.csproj", "{1DDD89D7-EDC5-4C89-B0C2-C881769BFB94}"
EndProject
Project("{9A19103F-16F7-4668-BE54-9A1E7A4F7556}") = "Fluffle.Thumbnail", "Fluffle.Thumbnail\Fluffle.Thumbnail.csproj", "{75CC84F6-1BC0-490C-A3D5-DF3DCFE8D2B2}"
EndProject
Project("{9A19103F-16F7-4668-BE54-9A1E7A4F7556}") = "Fluffle.Utils", "Fluffle.Utils\Fluffle.Utils.csproj", "{06C63E9D-1C5A-4E1D-A9D2-F54C9518D8FA}"
EndProject
Project("{9A19103F-16F7-4668-BE54-9A1E7A4F7556}") = "Fluffle.Validation", "Fluffle.Validation\Fluffle.Validation.csproj", "{BD50A2DB-13A1-4749-AF0D-B60704FEBD0B}"
EndProject
Project("{9A19103F-16F7-4668-BE54-9A1E7A4F7556}") = "Fluffle.Vips", "Fluffle.Vips\Fluffle.Vips.csproj", "{668A9604-7E97-44FD-9729-69C75C41AC08}"
EndProject
Project("{2150E333-8FDC-42A3-9474-1A3956D46DE8}") = "Main", "Main", "{1727D6F0-DB96-4166-A2F6-E644A0BC8C56}"
EndProject
Project("{2150E333-8FDC-42A3-9474-1A3956D46DE8}") = "Search", "Search", "{239A62D8-C598-46B9-B538-F94ABAC00B78}"
EndProject
Project("{2150E333-8FDC-42A3-9474-1A3956D46DE8}") = "Sync", "Sync", "{155EB44D-EA3E-4FF2-8155-B2FA2CEA0320}"
EndProject
Project("{9A19103F-16F7-4668-BE54-9A1E7A4F7556}") = "Fluffle.FurryNetworkSync", "Fluffle.FurryNetworkSync\Fluffle.FurryNetworkSync.csproj", "{C406DD95-5866-4C23-9D98-776BF3349D8C}"
EndProject
Project("{9A19103F-16F7-4668-BE54-9A1E7A4F7556}") = "Fluffle.FurAffinityClient", "Fluffle.FurAffinityClient\Fluffle.FurAffinityClient.csproj", "{6F0C528F-ACDD-477A-A1F0-5F7175C1DF5D}"
EndProject
Project("{9A19103F-16F7-4668-BE54-9A1E7A4F7556}") = "Fluffle.FurAffinitySync", "Fluffle.FurAffinitySync\Fluffle.FurAffinitySync.csproj", "{DDBBC026-0E97-4771-8F30-5F8BEA3C942A}"
EndProject
Project("{9A19103F-16F7-4668-BE54-9A1E7A4F7556}") = "Fluffle.WeasylClient", "Fluffle.WeasylClient\Fluffle.WeasylClient.csproj", "{9C810B1F-0342-4118-8377-E5DED6DA6DCF}"
EndProject
Project("{9A19103F-16F7-4668-BE54-9A1E7A4F7556}") = "Fluffle.WeasylSync", "Fluffle.WeasylSync\Fluffle.WeasylSync.csproj", "{3726BF28-8726-49DB-A718-C936D38D52B6}"
EndProject
Project("{9A19103F-16F7-4668-BE54-9A1E7A4F7556}") = "Fluffle.TwitterSync", "Fluffle.TwitterSync\Fluffle.TwitterSync.csproj", "{5D2516BC-2329-4D69-893A-C2406B86EB84}"
EndProject
Project("{9A19103F-16F7-4668-BE54-9A1E7A4F7556}") = "Fluffle.TwitterSync.Database", "Fluffle.TwitterSync.Database\Fluffle.TwitterSync.Database.csproj", "{B5FEF186-44C0-4F87-B23A-D7F187177F99}"
EndProject
Project("{9A19103F-16F7-4668-BE54-9A1E7A4F7556}") = "Fluffle.Bot", "Fluffle.Bot\Fluffle.Bot.csproj", "{E381B17F-2585-4F3B-8E9C-BBBB0529A134}"
EndProject
Project("{2150E333-8FDC-42A3-9474-1A3956D46DE8}") = "DeviantArt", "DeviantArt", "{F5ADA288-B226-4814-8081-CC55F2E05C79}"
EndProject
Project("{9A19103F-16F7-4668-BE54-9A1E7A4F7556}") = "Fluffle.DeviantArt.QueryDeviationsWatcher", "Fluffle.DeviantArt.QueryDeviationsWatcher\Fluffle.DeviantArt.QueryDeviationsWatcher.csproj", "{98DCD51A-C1C2-402B-B310-C66226E0E7BC}"
EndProject
Project("{9A19103F-16F7-4668-BE54-9A1E7A4F7556}") = "Fluffle.DeviantArt.Client", "Fluffle.DeviantArt.Client\Fluffle.DeviantArt.Client.csproj", "{F78FB13A-0707-43E6-A43F-EFFE356A0FC0}"
EndProject
Project("{9A19103F-16F7-4668-BE54-9A1E7A4F7556}") = "Fluffle.DeviantArt.Database", "Fluffle.DeviantArt.Database\Fluffle.DeviantArt.Database.csproj", "{B5ACC171-1A86-44CC-8033-5F44CC3F5346}"
EndProject
Project("{9A19103F-16F7-4668-BE54-9A1E7A4F7556}") = "Fluffle.Queue", "Fluffle.Queue\Fluffle.Queue.csproj", "{1CAA6208-7BF5-4F6D-861C-1BDB7001FE79}"
EndProject
Project("{9A19103F-16F7-4668-BE54-9A1E7A4F7556}") = "Fluffle.DeviantArt.Shared", "Fluffle.DeviantArt.Shared\Fluffle.DeviantArt.Shared.csproj", "{5506DC02-EB95-45DB-B341-8092E5B4CC30}"
EndProject
Project("{9A19103F-16F7-4668-BE54-9A1E7A4F7556}") = "Fluffle.DeviantArt.DeviationsProcessor", "Fluffle.DeviantArt.DeviationsProcessor\Fluffle.DeviantArt.DeviationsProcessor.csproj", "{234DE23E-AF3C-4BD4-8297-90E3C6D09B54}"
EndProject
Project("{9A19103F-16F7-4668-BE54-9A1E7A4F7556}") = "Fluffle.KeyValue", "Fluffle.KeyValue\Fluffle.KeyValue.csproj", "{5823E841-B761-45F8-8E38-9AFA9A242680}"
EndProject
Project("{9A19103F-16F7-4668-BE54-9A1E7A4F7556}") = "Fluffle.DeviantArt.FurryArtistChecker", "Fluffle.DeviantArt.FurryArtistChecker\Fluffle.DeviantArt.FurryArtistChecker.csproj", "{08E9CA92-A040-4FA9-AA89-430B04127EAD}"
EndProject
Project("{FAE04EC0-301F-11D3-BF4B-00C04F79EFBC}") = "Fluffle.DeviantArt.NewestDeviationsWatcher", "Fluffle.DeviantArt.NewestDeviationsWatcher\Fluffle.DeviantArt.NewestDeviationsWatcher.csproj", "{16516DFB-A48D-4D77-9425-E15446EA1596}"
EndProject
Project("{FAE04EC0-301F-11D3-BF4B-00C04F79EFBC}") = "Fluffle.DeviantArt.GalleryScraper", "Fluffle.DeviantArt.GalleryScraper\Fluffle.DeviantArt.GalleryScraper.csproj", "{236A9DDA-B4D9-462D-ABC1-3513CFBADB46}"
EndProject
Global
	GlobalSection(SolutionConfigurationPlatforms) = preSolution
		Debug|Any CPU = Debug|Any CPU
		Debug|x64 = Debug|x64
		Debug|x86 = Debug|x86
		Release|Any CPU = Release|Any CPU
		Release|x64 = Release|x64
		Release|x86 = Release|x86
	EndGlobalSection
	GlobalSection(ProjectConfigurationPlatforms) = postSolution
		{A8D94D36-BDD4-468F-96D0-0D1FC4CB6B8B}.Debug|Any CPU.ActiveCfg = Debug|Any CPU
		{A8D94D36-BDD4-468F-96D0-0D1FC4CB6B8B}.Debug|Any CPU.Build.0 = Debug|Any CPU
		{A8D94D36-BDD4-468F-96D0-0D1FC4CB6B8B}.Debug|x64.ActiveCfg = Debug|Any CPU
		{A8D94D36-BDD4-468F-96D0-0D1FC4CB6B8B}.Debug|x64.Build.0 = Debug|Any CPU
		{A8D94D36-BDD4-468F-96D0-0D1FC4CB6B8B}.Debug|x86.ActiveCfg = Debug|Any CPU
		{A8D94D36-BDD4-468F-96D0-0D1FC4CB6B8B}.Debug|x86.Build.0 = Debug|Any CPU
		{A8D94D36-BDD4-468F-96D0-0D1FC4CB6B8B}.Release|Any CPU.ActiveCfg = Release|Any CPU
		{A8D94D36-BDD4-468F-96D0-0D1FC4CB6B8B}.Release|Any CPU.Build.0 = Release|Any CPU
		{A8D94D36-BDD4-468F-96D0-0D1FC4CB6B8B}.Release|x64.ActiveCfg = Release|Any CPU
		{A8D94D36-BDD4-468F-96D0-0D1FC4CB6B8B}.Release|x64.Build.0 = Release|Any CPU
		{A8D94D36-BDD4-468F-96D0-0D1FC4CB6B8B}.Release|x86.ActiveCfg = Release|Any CPU
		{A8D94D36-BDD4-468F-96D0-0D1FC4CB6B8B}.Release|x86.Build.0 = Release|Any CPU
		{B56A95F9-4EE4-4B4C-9996-4657F7871C32}.Debug|Any CPU.ActiveCfg = Debug|Any CPU
		{B56A95F9-4EE4-4B4C-9996-4657F7871C32}.Debug|Any CPU.Build.0 = Debug|Any CPU
		{B56A95F9-4EE4-4B4C-9996-4657F7871C32}.Debug|x64.ActiveCfg = Debug|Any CPU
		{B56A95F9-4EE4-4B4C-9996-4657F7871C32}.Debug|x64.Build.0 = Debug|Any CPU
		{B56A95F9-4EE4-4B4C-9996-4657F7871C32}.Debug|x86.ActiveCfg = Debug|Any CPU
		{B56A95F9-4EE4-4B4C-9996-4657F7871C32}.Debug|x86.Build.0 = Debug|Any CPU
		{B56A95F9-4EE4-4B4C-9996-4657F7871C32}.Release|Any CPU.ActiveCfg = Release|Any CPU
		{B56A95F9-4EE4-4B4C-9996-4657F7871C32}.Release|Any CPU.Build.0 = Release|Any CPU
		{B56A95F9-4EE4-4B4C-9996-4657F7871C32}.Release|x64.ActiveCfg = Release|Any CPU
		{B56A95F9-4EE4-4B4C-9996-4657F7871C32}.Release|x64.Build.0 = Release|Any CPU
		{B56A95F9-4EE4-4B4C-9996-4657F7871C32}.Release|x86.ActiveCfg = Release|Any CPU
		{B56A95F9-4EE4-4B4C-9996-4657F7871C32}.Release|x86.Build.0 = Release|Any CPU
		{86547008-70D0-47D0-A8AF-131D513EFA49}.Debug|Any CPU.ActiveCfg = Debug|Any CPU
		{86547008-70D0-47D0-A8AF-131D513EFA49}.Debug|Any CPU.Build.0 = Debug|Any CPU
		{86547008-70D0-47D0-A8AF-131D513EFA49}.Debug|x64.ActiveCfg = Debug|Any CPU
		{86547008-70D0-47D0-A8AF-131D513EFA49}.Debug|x64.Build.0 = Debug|Any CPU
		{86547008-70D0-47D0-A8AF-131D513EFA49}.Debug|x86.ActiveCfg = Debug|Any CPU
		{86547008-70D0-47D0-A8AF-131D513EFA49}.Debug|x86.Build.0 = Debug|Any CPU
		{86547008-70D0-47D0-A8AF-131D513EFA49}.Release|Any CPU.ActiveCfg = Release|Any CPU
		{86547008-70D0-47D0-A8AF-131D513EFA49}.Release|Any CPU.Build.0 = Release|Any CPU
		{86547008-70D0-47D0-A8AF-131D513EFA49}.Release|x64.ActiveCfg = Release|Any CPU
		{86547008-70D0-47D0-A8AF-131D513EFA49}.Release|x64.Build.0 = Release|Any CPU
		{86547008-70D0-47D0-A8AF-131D513EFA49}.Release|x86.ActiveCfg = Release|Any CPU
		{86547008-70D0-47D0-A8AF-131D513EFA49}.Release|x86.Build.0 = Release|Any CPU
		{4981A668-B763-4F3A-BC30-38BA13DB2066}.Debug|Any CPU.ActiveCfg = Debug|Any CPU
		{4981A668-B763-4F3A-BC30-38BA13DB2066}.Debug|Any CPU.Build.0 = Debug|Any CPU
		{4981A668-B763-4F3A-BC30-38BA13DB2066}.Debug|x64.ActiveCfg = Debug|Any CPU
		{4981A668-B763-4F3A-BC30-38BA13DB2066}.Debug|x64.Build.0 = Debug|Any CPU
		{4981A668-B763-4F3A-BC30-38BA13DB2066}.Debug|x86.ActiveCfg = Debug|Any CPU
		{4981A668-B763-4F3A-BC30-38BA13DB2066}.Debug|x86.Build.0 = Debug|Any CPU
		{4981A668-B763-4F3A-BC30-38BA13DB2066}.Release|Any CPU.ActiveCfg = Release|Any CPU
		{4981A668-B763-4F3A-BC30-38BA13DB2066}.Release|Any CPU.Build.0 = Release|Any CPU
		{4981A668-B763-4F3A-BC30-38BA13DB2066}.Release|x64.ActiveCfg = Release|Any CPU
		{4981A668-B763-4F3A-BC30-38BA13DB2066}.Release|x64.Build.0 = Release|Any CPU
		{4981A668-B763-4F3A-BC30-38BA13DB2066}.Release|x86.ActiveCfg = Release|Any CPU
		{4981A668-B763-4F3A-BC30-38BA13DB2066}.Release|x86.Build.0 = Release|Any CPU
		{1ED357B1-C58F-4829-ACDA-A53C3C95FEEF}.Debug|Any CPU.ActiveCfg = Debug|Any CPU
		{1ED357B1-C58F-4829-ACDA-A53C3C95FEEF}.Debug|Any CPU.Build.0 = Debug|Any CPU
		{1ED357B1-C58F-4829-ACDA-A53C3C95FEEF}.Debug|x64.ActiveCfg = Debug|Any CPU
		{1ED357B1-C58F-4829-ACDA-A53C3C95FEEF}.Debug|x64.Build.0 = Debug|Any CPU
		{1ED357B1-C58F-4829-ACDA-A53C3C95FEEF}.Debug|x86.ActiveCfg = Debug|Any CPU
		{1ED357B1-C58F-4829-ACDA-A53C3C95FEEF}.Debug|x86.Build.0 = Debug|Any CPU
		{1ED357B1-C58F-4829-ACDA-A53C3C95FEEF}.Release|Any CPU.ActiveCfg = Release|Any CPU
		{1ED357B1-C58F-4829-ACDA-A53C3C95FEEF}.Release|Any CPU.Build.0 = Release|Any CPU
		{1ED357B1-C58F-4829-ACDA-A53C3C95FEEF}.Release|x64.ActiveCfg = Release|Any CPU
		{1ED357B1-C58F-4829-ACDA-A53C3C95FEEF}.Release|x64.Build.0 = Release|Any CPU
		{1ED357B1-C58F-4829-ACDA-A53C3C95FEEF}.Release|x86.ActiveCfg = Release|Any CPU
		{1ED357B1-C58F-4829-ACDA-A53C3C95FEEF}.Release|x86.Build.0 = Release|Any CPU
		{C2F2906E-A875-477D-B802-6D2752EFD06D}.Debug|Any CPU.ActiveCfg = Debug|Any CPU
		{C2F2906E-A875-477D-B802-6D2752EFD06D}.Debug|Any CPU.Build.0 = Debug|Any CPU
		{C2F2906E-A875-477D-B802-6D2752EFD06D}.Debug|x64.ActiveCfg = Debug|Any CPU
		{C2F2906E-A875-477D-B802-6D2752EFD06D}.Debug|x64.Build.0 = Debug|Any CPU
		{C2F2906E-A875-477D-B802-6D2752EFD06D}.Debug|x86.ActiveCfg = Debug|Any CPU
		{C2F2906E-A875-477D-B802-6D2752EFD06D}.Debug|x86.Build.0 = Debug|Any CPU
		{C2F2906E-A875-477D-B802-6D2752EFD06D}.Release|Any CPU.ActiveCfg = Release|Any CPU
		{C2F2906E-A875-477D-B802-6D2752EFD06D}.Release|Any CPU.Build.0 = Release|Any CPU
		{C2F2906E-A875-477D-B802-6D2752EFD06D}.Release|x64.ActiveCfg = Release|Any CPU
		{C2F2906E-A875-477D-B802-6D2752EFD06D}.Release|x64.Build.0 = Release|Any CPU
		{C2F2906E-A875-477D-B802-6D2752EFD06D}.Release|x86.ActiveCfg = Release|Any CPU
		{C2F2906E-A875-477D-B802-6D2752EFD06D}.Release|x86.Build.0 = Release|Any CPU
		{226EA79B-D58B-46E2-93EF-33B5AF807955}.Debug|Any CPU.ActiveCfg = Debug|Any CPU
		{226EA79B-D58B-46E2-93EF-33B5AF807955}.Debug|Any CPU.Build.0 = Debug|Any CPU
		{226EA79B-D58B-46E2-93EF-33B5AF807955}.Debug|x64.ActiveCfg = Debug|Any CPU
		{226EA79B-D58B-46E2-93EF-33B5AF807955}.Debug|x64.Build.0 = Debug|Any CPU
		{226EA79B-D58B-46E2-93EF-33B5AF807955}.Debug|x86.ActiveCfg = Debug|Any CPU
		{226EA79B-D58B-46E2-93EF-33B5AF807955}.Debug|x86.Build.0 = Debug|Any CPU
		{226EA79B-D58B-46E2-93EF-33B5AF807955}.Release|Any CPU.ActiveCfg = Release|Any CPU
		{226EA79B-D58B-46E2-93EF-33B5AF807955}.Release|Any CPU.Build.0 = Release|Any CPU
		{226EA79B-D58B-46E2-93EF-33B5AF807955}.Release|x64.ActiveCfg = Release|Any CPU
		{226EA79B-D58B-46E2-93EF-33B5AF807955}.Release|x64.Build.0 = Release|Any CPU
		{226EA79B-D58B-46E2-93EF-33B5AF807955}.Release|x86.ActiveCfg = Release|Any CPU
		{226EA79B-D58B-46E2-93EF-33B5AF807955}.Release|x86.Build.0 = Release|Any CPU
		{B8D5112E-3849-4417-882E-12178D7D2CBF}.Debug|Any CPU.ActiveCfg = Debug|Any CPU
		{B8D5112E-3849-4417-882E-12178D7D2CBF}.Debug|Any CPU.Build.0 = Debug|Any CPU
		{B8D5112E-3849-4417-882E-12178D7D2CBF}.Debug|x64.ActiveCfg = Debug|Any CPU
		{B8D5112E-3849-4417-882E-12178D7D2CBF}.Debug|x64.Build.0 = Debug|Any CPU
		{B8D5112E-3849-4417-882E-12178D7D2CBF}.Debug|x86.ActiveCfg = Debug|Any CPU
		{B8D5112E-3849-4417-882E-12178D7D2CBF}.Debug|x86.Build.0 = Debug|Any CPU
		{B8D5112E-3849-4417-882E-12178D7D2CBF}.Release|Any CPU.ActiveCfg = Release|Any CPU
		{B8D5112E-3849-4417-882E-12178D7D2CBF}.Release|Any CPU.Build.0 = Release|Any CPU
		{B8D5112E-3849-4417-882E-12178D7D2CBF}.Release|x64.ActiveCfg = Release|Any CPU
		{B8D5112E-3849-4417-882E-12178D7D2CBF}.Release|x64.Build.0 = Release|Any CPU
		{B8D5112E-3849-4417-882E-12178D7D2CBF}.Release|x86.ActiveCfg = Release|Any CPU
		{B8D5112E-3849-4417-882E-12178D7D2CBF}.Release|x86.Build.0 = Release|Any CPU
		{71082EAA-C20B-4DBA-8513-A99B1038A7BE}.Debug|Any CPU.ActiveCfg = Debug|Any CPU
		{71082EAA-C20B-4DBA-8513-A99B1038A7BE}.Debug|Any CPU.Build.0 = Debug|Any CPU
		{71082EAA-C20B-4DBA-8513-A99B1038A7BE}.Debug|x64.ActiveCfg = Debug|Any CPU
		{71082EAA-C20B-4DBA-8513-A99B1038A7BE}.Debug|x64.Build.0 = Debug|Any CPU
		{71082EAA-C20B-4DBA-8513-A99B1038A7BE}.Debug|x86.ActiveCfg = Debug|Any CPU
		{71082EAA-C20B-4DBA-8513-A99B1038A7BE}.Debug|x86.Build.0 = Debug|Any CPU
		{71082EAA-C20B-4DBA-8513-A99B1038A7BE}.Release|Any CPU.ActiveCfg = Release|Any CPU
		{71082EAA-C20B-4DBA-8513-A99B1038A7BE}.Release|Any CPU.Build.0 = Release|Any CPU
		{71082EAA-C20B-4DBA-8513-A99B1038A7BE}.Release|x64.ActiveCfg = Release|Any CPU
		{71082EAA-C20B-4DBA-8513-A99B1038A7BE}.Release|x64.Build.0 = Release|Any CPU
		{71082EAA-C20B-4DBA-8513-A99B1038A7BE}.Release|x86.ActiveCfg = Release|Any CPU
		{71082EAA-C20B-4DBA-8513-A99B1038A7BE}.Release|x86.Build.0 = Release|Any CPU
		{640F6780-9097-4803-A779-2EB83E6F43FC}.Debug|Any CPU.ActiveCfg = Debug|Any CPU
		{640F6780-9097-4803-A779-2EB83E6F43FC}.Debug|Any CPU.Build.0 = Debug|Any CPU
		{640F6780-9097-4803-A779-2EB83E6F43FC}.Debug|x64.ActiveCfg = Debug|Any CPU
		{640F6780-9097-4803-A779-2EB83E6F43FC}.Debug|x64.Build.0 = Debug|Any CPU
		{640F6780-9097-4803-A779-2EB83E6F43FC}.Debug|x86.ActiveCfg = Debug|Any CPU
		{640F6780-9097-4803-A779-2EB83E6F43FC}.Debug|x86.Build.0 = Debug|Any CPU
		{640F6780-9097-4803-A779-2EB83E6F43FC}.Release|Any CPU.ActiveCfg = Release|Any CPU
		{640F6780-9097-4803-A779-2EB83E6F43FC}.Release|Any CPU.Build.0 = Release|Any CPU
		{640F6780-9097-4803-A779-2EB83E6F43FC}.Release|x64.ActiveCfg = Release|Any CPU
		{640F6780-9097-4803-A779-2EB83E6F43FC}.Release|x64.Build.0 = Release|Any CPU
		{640F6780-9097-4803-A779-2EB83E6F43FC}.Release|x86.ActiveCfg = Release|Any CPU
		{640F6780-9097-4803-A779-2EB83E6F43FC}.Release|x86.Build.0 = Release|Any CPU
		{998AF00A-5A65-445C-AC39-87860DB99477}.Debug|Any CPU.ActiveCfg = Debug|Any CPU
		{998AF00A-5A65-445C-AC39-87860DB99477}.Debug|Any CPU.Build.0 = Debug|Any CPU
		{998AF00A-5A65-445C-AC39-87860DB99477}.Debug|x64.ActiveCfg = Debug|Any CPU
		{998AF00A-5A65-445C-AC39-87860DB99477}.Debug|x64.Build.0 = Debug|Any CPU
		{998AF00A-5A65-445C-AC39-87860DB99477}.Debug|x86.ActiveCfg = Debug|Any CPU
		{998AF00A-5A65-445C-AC39-87860DB99477}.Debug|x86.Build.0 = Debug|Any CPU
		{998AF00A-5A65-445C-AC39-87860DB99477}.Release|Any CPU.ActiveCfg = Release|Any CPU
		{998AF00A-5A65-445C-AC39-87860DB99477}.Release|Any CPU.Build.0 = Release|Any CPU
		{998AF00A-5A65-445C-AC39-87860DB99477}.Release|x64.ActiveCfg = Release|Any CPU
		{998AF00A-5A65-445C-AC39-87860DB99477}.Release|x64.Build.0 = Release|Any CPU
		{998AF00A-5A65-445C-AC39-87860DB99477}.Release|x86.ActiveCfg = Release|Any CPU
		{998AF00A-5A65-445C-AC39-87860DB99477}.Release|x86.Build.0 = Release|Any CPU
		{C7B249A8-0B5F-4728-A1DB-FFC43E0A28AC}.Debug|Any CPU.ActiveCfg = Debug|Any CPU
		{C7B249A8-0B5F-4728-A1DB-FFC43E0A28AC}.Debug|Any CPU.Build.0 = Debug|Any CPU
		{C7B249A8-0B5F-4728-A1DB-FFC43E0A28AC}.Debug|x64.ActiveCfg = Debug|Any CPU
		{C7B249A8-0B5F-4728-A1DB-FFC43E0A28AC}.Debug|x64.Build.0 = Debug|Any CPU
		{C7B249A8-0B5F-4728-A1DB-FFC43E0A28AC}.Debug|x86.ActiveCfg = Debug|Any CPU
		{C7B249A8-0B5F-4728-A1DB-FFC43E0A28AC}.Debug|x86.Build.0 = Debug|Any CPU
		{C7B249A8-0B5F-4728-A1DB-FFC43E0A28AC}.Release|Any CPU.ActiveCfg = Release|Any CPU
		{C7B249A8-0B5F-4728-A1DB-FFC43E0A28AC}.Release|Any CPU.Build.0 = Release|Any CPU
		{C7B249A8-0B5F-4728-A1DB-FFC43E0A28AC}.Release|x64.ActiveCfg = Release|Any CPU
		{C7B249A8-0B5F-4728-A1DB-FFC43E0A28AC}.Release|x64.Build.0 = Release|Any CPU
		{C7B249A8-0B5F-4728-A1DB-FFC43E0A28AC}.Release|x86.ActiveCfg = Release|Any CPU
		{C7B249A8-0B5F-4728-A1DB-FFC43E0A28AC}.Release|x86.Build.0 = Release|Any CPU
		{77CD1E54-B27D-41DD-AD66-3C2C9AE5C652}.Debug|Any CPU.ActiveCfg = Debug|Any CPU
		{77CD1E54-B27D-41DD-AD66-3C2C9AE5C652}.Debug|Any CPU.Build.0 = Debug|Any CPU
		{77CD1E54-B27D-41DD-AD66-3C2C9AE5C652}.Debug|x64.ActiveCfg = Debug|Any CPU
		{77CD1E54-B27D-41DD-AD66-3C2C9AE5C652}.Debug|x64.Build.0 = Debug|Any CPU
		{77CD1E54-B27D-41DD-AD66-3C2C9AE5C652}.Debug|x86.ActiveCfg = Debug|Any CPU
		{77CD1E54-B27D-41DD-AD66-3C2C9AE5C652}.Debug|x86.Build.0 = Debug|Any CPU
		{77CD1E54-B27D-41DD-AD66-3C2C9AE5C652}.Release|Any CPU.ActiveCfg = Release|Any CPU
		{77CD1E54-B27D-41DD-AD66-3C2C9AE5C652}.Release|Any CPU.Build.0 = Release|Any CPU
		{77CD1E54-B27D-41DD-AD66-3C2C9AE5C652}.Release|x64.ActiveCfg = Release|Any CPU
		{77CD1E54-B27D-41DD-AD66-3C2C9AE5C652}.Release|x64.Build.0 = Release|Any CPU
		{77CD1E54-B27D-41DD-AD66-3C2C9AE5C652}.Release|x86.ActiveCfg = Release|Any CPU
		{77CD1E54-B27D-41DD-AD66-3C2C9AE5C652}.Release|x86.Build.0 = Release|Any CPU
		{EF83E8FB-9607-4CBC-96E0-05BE92B74B7E}.Debug|Any CPU.ActiveCfg = Debug|Any CPU
		{EF83E8FB-9607-4CBC-96E0-05BE92B74B7E}.Debug|Any CPU.Build.0 = Debug|Any CPU
		{EF83E8FB-9607-4CBC-96E0-05BE92B74B7E}.Debug|x64.ActiveCfg = Debug|Any CPU
		{EF83E8FB-9607-4CBC-96E0-05BE92B74B7E}.Debug|x64.Build.0 = Debug|Any CPU
		{EF83E8FB-9607-4CBC-96E0-05BE92B74B7E}.Debug|x86.ActiveCfg = Debug|Any CPU
		{EF83E8FB-9607-4CBC-96E0-05BE92B74B7E}.Debug|x86.Build.0 = Debug|Any CPU
		{EF83E8FB-9607-4CBC-96E0-05BE92B74B7E}.Release|Any CPU.ActiveCfg = Release|Any CPU
		{EF83E8FB-9607-4CBC-96E0-05BE92B74B7E}.Release|Any CPU.Build.0 = Release|Any CPU
		{EF83E8FB-9607-4CBC-96E0-05BE92B74B7E}.Release|x64.ActiveCfg = Release|Any CPU
		{EF83E8FB-9607-4CBC-96E0-05BE92B74B7E}.Release|x64.Build.0 = Release|Any CPU
		{EF83E8FB-9607-4CBC-96E0-05BE92B74B7E}.Release|x86.ActiveCfg = Release|Any CPU
		{EF83E8FB-9607-4CBC-96E0-05BE92B74B7E}.Release|x86.Build.0 = Release|Any CPU
		{2A5A39D2-EE7F-4DA9-A664-11F8DA6AACA8}.Debug|Any CPU.ActiveCfg = Debug|Any CPU
		{2A5A39D2-EE7F-4DA9-A664-11F8DA6AACA8}.Debug|Any CPU.Build.0 = Debug|Any CPU
		{2A5A39D2-EE7F-4DA9-A664-11F8DA6AACA8}.Debug|x64.ActiveCfg = Debug|Any CPU
		{2A5A39D2-EE7F-4DA9-A664-11F8DA6AACA8}.Debug|x64.Build.0 = Debug|Any CPU
		{2A5A39D2-EE7F-4DA9-A664-11F8DA6AACA8}.Debug|x86.ActiveCfg = Debug|Any CPU
		{2A5A39D2-EE7F-4DA9-A664-11F8DA6AACA8}.Debug|x86.Build.0 = Debug|Any CPU
		{2A5A39D2-EE7F-4DA9-A664-11F8DA6AACA8}.Release|Any CPU.ActiveCfg = Release|Any CPU
		{2A5A39D2-EE7F-4DA9-A664-11F8DA6AACA8}.Release|Any CPU.Build.0 = Release|Any CPU
		{2A5A39D2-EE7F-4DA9-A664-11F8DA6AACA8}.Release|x64.ActiveCfg = Release|Any CPU
		{2A5A39D2-EE7F-4DA9-A664-11F8DA6AACA8}.Release|x64.Build.0 = Release|Any CPU
		{2A5A39D2-EE7F-4DA9-A664-11F8DA6AACA8}.Release|x86.ActiveCfg = Release|Any CPU
		{2A5A39D2-EE7F-4DA9-A664-11F8DA6AACA8}.Release|x86.Build.0 = Release|Any CPU
		{89CB6EED-7A82-4B09-8211-A4FAB32F0339}.Debug|Any CPU.ActiveCfg = Debug|Any CPU
		{89CB6EED-7A82-4B09-8211-A4FAB32F0339}.Debug|Any CPU.Build.0 = Debug|Any CPU
		{89CB6EED-7A82-4B09-8211-A4FAB32F0339}.Debug|x64.ActiveCfg = Debug|Any CPU
		{89CB6EED-7A82-4B09-8211-A4FAB32F0339}.Debug|x64.Build.0 = Debug|Any CPU
		{89CB6EED-7A82-4B09-8211-A4FAB32F0339}.Debug|x86.ActiveCfg = Debug|Any CPU
		{89CB6EED-7A82-4B09-8211-A4FAB32F0339}.Debug|x86.Build.0 = Debug|Any CPU
		{89CB6EED-7A82-4B09-8211-A4FAB32F0339}.Release|Any CPU.ActiveCfg = Release|Any CPU
		{89CB6EED-7A82-4B09-8211-A4FAB32F0339}.Release|Any CPU.Build.0 = Release|Any CPU
		{89CB6EED-7A82-4B09-8211-A4FAB32F0339}.Release|x64.ActiveCfg = Release|Any CPU
		{89CB6EED-7A82-4B09-8211-A4FAB32F0339}.Release|x64.Build.0 = Release|Any CPU
		{89CB6EED-7A82-4B09-8211-A4FAB32F0339}.Release|x86.ActiveCfg = Release|Any CPU
		{89CB6EED-7A82-4B09-8211-A4FAB32F0339}.Release|x86.Build.0 = Release|Any CPU
		{C11B9BEF-8762-456B-8FC5-89870B98E301}.Debug|Any CPU.ActiveCfg = Debug|Any CPU
		{C11B9BEF-8762-456B-8FC5-89870B98E301}.Debug|Any CPU.Build.0 = Debug|Any CPU
		{C11B9BEF-8762-456B-8FC5-89870B98E301}.Debug|x64.ActiveCfg = Debug|Any CPU
		{C11B9BEF-8762-456B-8FC5-89870B98E301}.Debug|x64.Build.0 = Debug|Any CPU
		{C11B9BEF-8762-456B-8FC5-89870B98E301}.Debug|x86.ActiveCfg = Debug|Any CPU
		{C11B9BEF-8762-456B-8FC5-89870B98E301}.Debug|x86.Build.0 = Debug|Any CPU
		{C11B9BEF-8762-456B-8FC5-89870B98E301}.Release|Any CPU.ActiveCfg = Release|Any CPU
		{C11B9BEF-8762-456B-8FC5-89870B98E301}.Release|Any CPU.Build.0 = Release|Any CPU
		{C11B9BEF-8762-456B-8FC5-89870B98E301}.Release|x64.ActiveCfg = Release|Any CPU
		{C11B9BEF-8762-456B-8FC5-89870B98E301}.Release|x64.Build.0 = Release|Any CPU
		{C11B9BEF-8762-456B-8FC5-89870B98E301}.Release|x86.ActiveCfg = Release|Any CPU
		{C11B9BEF-8762-456B-8FC5-89870B98E301}.Release|x86.Build.0 = Release|Any CPU
		{1DDD89D7-EDC5-4C89-B0C2-C881769BFB94}.Debug|Any CPU.ActiveCfg = Debug|Any CPU
		{1DDD89D7-EDC5-4C89-B0C2-C881769BFB94}.Debug|Any CPU.Build.0 = Debug|Any CPU
		{1DDD89D7-EDC5-4C89-B0C2-C881769BFB94}.Debug|x64.ActiveCfg = Debug|Any CPU
		{1DDD89D7-EDC5-4C89-B0C2-C881769BFB94}.Debug|x64.Build.0 = Debug|Any CPU
		{1DDD89D7-EDC5-4C89-B0C2-C881769BFB94}.Debug|x86.ActiveCfg = Debug|Any CPU
		{1DDD89D7-EDC5-4C89-B0C2-C881769BFB94}.Debug|x86.Build.0 = Debug|Any CPU
		{1DDD89D7-EDC5-4C89-B0C2-C881769BFB94}.Release|Any CPU.ActiveCfg = Release|Any CPU
		{1DDD89D7-EDC5-4C89-B0C2-C881769BFB94}.Release|Any CPU.Build.0 = Release|Any CPU
		{1DDD89D7-EDC5-4C89-B0C2-C881769BFB94}.Release|x64.ActiveCfg = Release|Any CPU
		{1DDD89D7-EDC5-4C89-B0C2-C881769BFB94}.Release|x64.Build.0 = Release|Any CPU
		{1DDD89D7-EDC5-4C89-B0C2-C881769BFB94}.Release|x86.ActiveCfg = Release|Any CPU
		{1DDD89D7-EDC5-4C89-B0C2-C881769BFB94}.Release|x86.Build.0 = Release|Any CPU
		{75CC84F6-1BC0-490C-A3D5-DF3DCFE8D2B2}.Debug|Any CPU.ActiveCfg = Debug|Any CPU
		{75CC84F6-1BC0-490C-A3D5-DF3DCFE8D2B2}.Debug|Any CPU.Build.0 = Debug|Any CPU
		{75CC84F6-1BC0-490C-A3D5-DF3DCFE8D2B2}.Debug|x64.ActiveCfg = Debug|Any CPU
		{75CC84F6-1BC0-490C-A3D5-DF3DCFE8D2B2}.Debug|x64.Build.0 = Debug|Any CPU
		{75CC84F6-1BC0-490C-A3D5-DF3DCFE8D2B2}.Debug|x86.ActiveCfg = Debug|Any CPU
		{75CC84F6-1BC0-490C-A3D5-DF3DCFE8D2B2}.Debug|x86.Build.0 = Debug|Any CPU
		{75CC84F6-1BC0-490C-A3D5-DF3DCFE8D2B2}.Release|Any CPU.ActiveCfg = Release|Any CPU
		{75CC84F6-1BC0-490C-A3D5-DF3DCFE8D2B2}.Release|Any CPU.Build.0 = Release|Any CPU
		{75CC84F6-1BC0-490C-A3D5-DF3DCFE8D2B2}.Release|x64.ActiveCfg = Release|Any CPU
		{75CC84F6-1BC0-490C-A3D5-DF3DCFE8D2B2}.Release|x64.Build.0 = Release|Any CPU
		{75CC84F6-1BC0-490C-A3D5-DF3DCFE8D2B2}.Release|x86.ActiveCfg = Release|Any CPU
		{75CC84F6-1BC0-490C-A3D5-DF3DCFE8D2B2}.Release|x86.Build.0 = Release|Any CPU
		{06C63E9D-1C5A-4E1D-A9D2-F54C9518D8FA}.Debug|Any CPU.ActiveCfg = Debug|Any CPU
		{06C63E9D-1C5A-4E1D-A9D2-F54C9518D8FA}.Debug|Any CPU.Build.0 = Debug|Any CPU
		{06C63E9D-1C5A-4E1D-A9D2-F54C9518D8FA}.Debug|x64.ActiveCfg = Debug|Any CPU
		{06C63E9D-1C5A-4E1D-A9D2-F54C9518D8FA}.Debug|x64.Build.0 = Debug|Any CPU
		{06C63E9D-1C5A-4E1D-A9D2-F54C9518D8FA}.Debug|x86.ActiveCfg = Debug|Any CPU
		{06C63E9D-1C5A-4E1D-A9D2-F54C9518D8FA}.Debug|x86.Build.0 = Debug|Any CPU
		{06C63E9D-1C5A-4E1D-A9D2-F54C9518D8FA}.Release|Any CPU.ActiveCfg = Release|Any CPU
		{06C63E9D-1C5A-4E1D-A9D2-F54C9518D8FA}.Release|Any CPU.Build.0 = Release|Any CPU
		{06C63E9D-1C5A-4E1D-A9D2-F54C9518D8FA}.Release|x64.ActiveCfg = Release|Any CPU
		{06C63E9D-1C5A-4E1D-A9D2-F54C9518D8FA}.Release|x64.Build.0 = Release|Any CPU
		{06C63E9D-1C5A-4E1D-A9D2-F54C9518D8FA}.Release|x86.ActiveCfg = Release|Any CPU
		{06C63E9D-1C5A-4E1D-A9D2-F54C9518D8FA}.Release|x86.Build.0 = Release|Any CPU
		{BD50A2DB-13A1-4749-AF0D-B60704FEBD0B}.Debug|Any CPU.ActiveCfg = Debug|Any CPU
		{BD50A2DB-13A1-4749-AF0D-B60704FEBD0B}.Debug|Any CPU.Build.0 = Debug|Any CPU
		{BD50A2DB-13A1-4749-AF0D-B60704FEBD0B}.Debug|x64.ActiveCfg = Debug|Any CPU
		{BD50A2DB-13A1-4749-AF0D-B60704FEBD0B}.Debug|x64.Build.0 = Debug|Any CPU
		{BD50A2DB-13A1-4749-AF0D-B60704FEBD0B}.Debug|x86.ActiveCfg = Debug|Any CPU
		{BD50A2DB-13A1-4749-AF0D-B60704FEBD0B}.Debug|x86.Build.0 = Debug|Any CPU
		{BD50A2DB-13A1-4749-AF0D-B60704FEBD0B}.Release|Any CPU.ActiveCfg = Release|Any CPU
		{BD50A2DB-13A1-4749-AF0D-B60704FEBD0B}.Release|Any CPU.Build.0 = Release|Any CPU
		{BD50A2DB-13A1-4749-AF0D-B60704FEBD0B}.Release|x64.ActiveCfg = Release|Any CPU
		{BD50A2DB-13A1-4749-AF0D-B60704FEBD0B}.Release|x64.Build.0 = Release|Any CPU
		{BD50A2DB-13A1-4749-AF0D-B60704FEBD0B}.Release|x86.ActiveCfg = Release|Any CPU
		{BD50A2DB-13A1-4749-AF0D-B60704FEBD0B}.Release|x86.Build.0 = Release|Any CPU
		{668A9604-7E97-44FD-9729-69C75C41AC08}.Debug|Any CPU.ActiveCfg = Debug|Any CPU
		{668A9604-7E97-44FD-9729-69C75C41AC08}.Debug|Any CPU.Build.0 = Debug|Any CPU
		{668A9604-7E97-44FD-9729-69C75C41AC08}.Debug|x64.ActiveCfg = Debug|Any CPU
		{668A9604-7E97-44FD-9729-69C75C41AC08}.Debug|x64.Build.0 = Debug|Any CPU
		{668A9604-7E97-44FD-9729-69C75C41AC08}.Debug|x86.ActiveCfg = Debug|Any CPU
		{668A9604-7E97-44FD-9729-69C75C41AC08}.Debug|x86.Build.0 = Debug|Any CPU
		{668A9604-7E97-44FD-9729-69C75C41AC08}.Release|Any CPU.ActiveCfg = Release|Any CPU
		{668A9604-7E97-44FD-9729-69C75C41AC08}.Release|Any CPU.Build.0 = Release|Any CPU
		{668A9604-7E97-44FD-9729-69C75C41AC08}.Release|x64.ActiveCfg = Release|Any CPU
		{668A9604-7E97-44FD-9729-69C75C41AC08}.Release|x64.Build.0 = Release|Any CPU
		{668A9604-7E97-44FD-9729-69C75C41AC08}.Release|x86.ActiveCfg = Release|Any CPU
		{668A9604-7E97-44FD-9729-69C75C41AC08}.Release|x86.Build.0 = Release|Any CPU
		{C406DD95-5866-4C23-9D98-776BF3349D8C}.Debug|Any CPU.ActiveCfg = Debug|Any CPU
		{C406DD95-5866-4C23-9D98-776BF3349D8C}.Debug|Any CPU.Build.0 = Debug|Any CPU
		{C406DD95-5866-4C23-9D98-776BF3349D8C}.Debug|x64.ActiveCfg = Debug|Any CPU
		{C406DD95-5866-4C23-9D98-776BF3349D8C}.Debug|x64.Build.0 = Debug|Any CPU
		{C406DD95-5866-4C23-9D98-776BF3349D8C}.Debug|x86.ActiveCfg = Debug|Any CPU
		{C406DD95-5866-4C23-9D98-776BF3349D8C}.Debug|x86.Build.0 = Debug|Any CPU
		{C406DD95-5866-4C23-9D98-776BF3349D8C}.Release|Any CPU.ActiveCfg = Release|Any CPU
		{C406DD95-5866-4C23-9D98-776BF3349D8C}.Release|Any CPU.Build.0 = Release|Any CPU
		{C406DD95-5866-4C23-9D98-776BF3349D8C}.Release|x64.ActiveCfg = Release|Any CPU
		{C406DD95-5866-4C23-9D98-776BF3349D8C}.Release|x64.Build.0 = Release|Any CPU
		{C406DD95-5866-4C23-9D98-776BF3349D8C}.Release|x86.ActiveCfg = Release|Any CPU
		{C406DD95-5866-4C23-9D98-776BF3349D8C}.Release|x86.Build.0 = Release|Any CPU
		{6F0C528F-ACDD-477A-A1F0-5F7175C1DF5D}.Debug|Any CPU.ActiveCfg = Debug|Any CPU
		{6F0C528F-ACDD-477A-A1F0-5F7175C1DF5D}.Debug|Any CPU.Build.0 = Debug|Any CPU
		{6F0C528F-ACDD-477A-A1F0-5F7175C1DF5D}.Debug|x64.ActiveCfg = Debug|Any CPU
		{6F0C528F-ACDD-477A-A1F0-5F7175C1DF5D}.Debug|x64.Build.0 = Debug|Any CPU
		{6F0C528F-ACDD-477A-A1F0-5F7175C1DF5D}.Debug|x86.ActiveCfg = Debug|Any CPU
		{6F0C528F-ACDD-477A-A1F0-5F7175C1DF5D}.Debug|x86.Build.0 = Debug|Any CPU
		{6F0C528F-ACDD-477A-A1F0-5F7175C1DF5D}.Release|Any CPU.ActiveCfg = Release|Any CPU
		{6F0C528F-ACDD-477A-A1F0-5F7175C1DF5D}.Release|Any CPU.Build.0 = Release|Any CPU
		{6F0C528F-ACDD-477A-A1F0-5F7175C1DF5D}.Release|x64.ActiveCfg = Release|Any CPU
		{6F0C528F-ACDD-477A-A1F0-5F7175C1DF5D}.Release|x64.Build.0 = Release|Any CPU
		{6F0C528F-ACDD-477A-A1F0-5F7175C1DF5D}.Release|x86.ActiveCfg = Release|Any CPU
		{6F0C528F-ACDD-477A-A1F0-5F7175C1DF5D}.Release|x86.Build.0 = Release|Any CPU
		{DDBBC026-0E97-4771-8F30-5F8BEA3C942A}.Debug|Any CPU.ActiveCfg = Debug|Any CPU
		{DDBBC026-0E97-4771-8F30-5F8BEA3C942A}.Debug|Any CPU.Build.0 = Debug|Any CPU
		{DDBBC026-0E97-4771-8F30-5F8BEA3C942A}.Debug|x64.ActiveCfg = Debug|Any CPU
		{DDBBC026-0E97-4771-8F30-5F8BEA3C942A}.Debug|x64.Build.0 = Debug|Any CPU
		{DDBBC026-0E97-4771-8F30-5F8BEA3C942A}.Debug|x86.ActiveCfg = Debug|Any CPU
		{DDBBC026-0E97-4771-8F30-5F8BEA3C942A}.Debug|x86.Build.0 = Debug|Any CPU
		{DDBBC026-0E97-4771-8F30-5F8BEA3C942A}.Release|Any CPU.ActiveCfg = Release|Any CPU
		{DDBBC026-0E97-4771-8F30-5F8BEA3C942A}.Release|Any CPU.Build.0 = Release|Any CPU
		{DDBBC026-0E97-4771-8F30-5F8BEA3C942A}.Release|x64.ActiveCfg = Release|Any CPU
		{DDBBC026-0E97-4771-8F30-5F8BEA3C942A}.Release|x64.Build.0 = Release|Any CPU
		{DDBBC026-0E97-4771-8F30-5F8BEA3C942A}.Release|x86.ActiveCfg = Release|Any CPU
		{DDBBC026-0E97-4771-8F30-5F8BEA3C942A}.Release|x86.Build.0 = Release|Any CPU
		{9C810B1F-0342-4118-8377-E5DED6DA6DCF}.Debug|Any CPU.ActiveCfg = Debug|Any CPU
		{9C810B1F-0342-4118-8377-E5DED6DA6DCF}.Debug|Any CPU.Build.0 = Debug|Any CPU
		{9C810B1F-0342-4118-8377-E5DED6DA6DCF}.Debug|x64.ActiveCfg = Debug|Any CPU
		{9C810B1F-0342-4118-8377-E5DED6DA6DCF}.Debug|x64.Build.0 = Debug|Any CPU
		{9C810B1F-0342-4118-8377-E5DED6DA6DCF}.Debug|x86.ActiveCfg = Debug|Any CPU
		{9C810B1F-0342-4118-8377-E5DED6DA6DCF}.Debug|x86.Build.0 = Debug|Any CPU
		{9C810B1F-0342-4118-8377-E5DED6DA6DCF}.Release|Any CPU.ActiveCfg = Release|Any CPU
		{9C810B1F-0342-4118-8377-E5DED6DA6DCF}.Release|Any CPU.Build.0 = Release|Any CPU
		{9C810B1F-0342-4118-8377-E5DED6DA6DCF}.Release|x64.ActiveCfg = Release|Any CPU
		{9C810B1F-0342-4118-8377-E5DED6DA6DCF}.Release|x64.Build.0 = Release|Any CPU
		{9C810B1F-0342-4118-8377-E5DED6DA6DCF}.Release|x86.ActiveCfg = Release|Any CPU
		{9C810B1F-0342-4118-8377-E5DED6DA6DCF}.Release|x86.Build.0 = Release|Any CPU
		{3726BF28-8726-49DB-A718-C936D38D52B6}.Debug|Any CPU.ActiveCfg = Debug|Any CPU
		{3726BF28-8726-49DB-A718-C936D38D52B6}.Debug|Any CPU.Build.0 = Debug|Any CPU
		{3726BF28-8726-49DB-A718-C936D38D52B6}.Debug|x64.ActiveCfg = Debug|Any CPU
		{3726BF28-8726-49DB-A718-C936D38D52B6}.Debug|x64.Build.0 = Debug|Any CPU
		{3726BF28-8726-49DB-A718-C936D38D52B6}.Debug|x86.ActiveCfg = Debug|Any CPU
		{3726BF28-8726-49DB-A718-C936D38D52B6}.Debug|x86.Build.0 = Debug|Any CPU
		{3726BF28-8726-49DB-A718-C936D38D52B6}.Release|Any CPU.ActiveCfg = Release|Any CPU
		{3726BF28-8726-49DB-A718-C936D38D52B6}.Release|Any CPU.Build.0 = Release|Any CPU
		{3726BF28-8726-49DB-A718-C936D38D52B6}.Release|x64.ActiveCfg = Release|Any CPU
		{3726BF28-8726-49DB-A718-C936D38D52B6}.Release|x64.Build.0 = Release|Any CPU
		{3726BF28-8726-49DB-A718-C936D38D52B6}.Release|x86.ActiveCfg = Release|Any CPU
		{3726BF28-8726-49DB-A718-C936D38D52B6}.Release|x86.Build.0 = Release|Any CPU
		{5D2516BC-2329-4D69-893A-C2406B86EB84}.Debug|Any CPU.ActiveCfg = Debug|Any CPU
		{5D2516BC-2329-4D69-893A-C2406B86EB84}.Debug|Any CPU.Build.0 = Debug|Any CPU
		{5D2516BC-2329-4D69-893A-C2406B86EB84}.Debug|x64.ActiveCfg = Debug|Any CPU
		{5D2516BC-2329-4D69-893A-C2406B86EB84}.Debug|x64.Build.0 = Debug|Any CPU
		{5D2516BC-2329-4D69-893A-C2406B86EB84}.Debug|x86.ActiveCfg = Debug|Any CPU
		{5D2516BC-2329-4D69-893A-C2406B86EB84}.Debug|x86.Build.0 = Debug|Any CPU
		{5D2516BC-2329-4D69-893A-C2406B86EB84}.Release|Any CPU.ActiveCfg = Release|Any CPU
		{5D2516BC-2329-4D69-893A-C2406B86EB84}.Release|Any CPU.Build.0 = Release|Any CPU
		{5D2516BC-2329-4D69-893A-C2406B86EB84}.Release|x64.ActiveCfg = Release|Any CPU
		{5D2516BC-2329-4D69-893A-C2406B86EB84}.Release|x64.Build.0 = Release|Any CPU
		{5D2516BC-2329-4D69-893A-C2406B86EB84}.Release|x86.ActiveCfg = Release|Any CPU
		{5D2516BC-2329-4D69-893A-C2406B86EB84}.Release|x86.Build.0 = Release|Any CPU
		{B5FEF186-44C0-4F87-B23A-D7F187177F99}.Debug|Any CPU.ActiveCfg = Debug|Any CPU
		{B5FEF186-44C0-4F87-B23A-D7F187177F99}.Debug|Any CPU.Build.0 = Debug|Any CPU
		{B5FEF186-44C0-4F87-B23A-D7F187177F99}.Debug|x64.ActiveCfg = Debug|Any CPU
		{B5FEF186-44C0-4F87-B23A-D7F187177F99}.Debug|x64.Build.0 = Debug|Any CPU
		{B5FEF186-44C0-4F87-B23A-D7F187177F99}.Debug|x86.ActiveCfg = Debug|Any CPU
		{B5FEF186-44C0-4F87-B23A-D7F187177F99}.Debug|x86.Build.0 = Debug|Any CPU
		{B5FEF186-44C0-4F87-B23A-D7F187177F99}.Release|Any CPU.ActiveCfg = Release|Any CPU
		{B5FEF186-44C0-4F87-B23A-D7F187177F99}.Release|Any CPU.Build.0 = Release|Any CPU
		{B5FEF186-44C0-4F87-B23A-D7F187177F99}.Release|x64.ActiveCfg = Release|Any CPU
		{B5FEF186-44C0-4F87-B23A-D7F187177F99}.Release|x64.Build.0 = Release|Any CPU
		{B5FEF186-44C0-4F87-B23A-D7F187177F99}.Release|x86.ActiveCfg = Release|Any CPU
		{B5FEF186-44C0-4F87-B23A-D7F187177F99}.Release|x86.Build.0 = Release|Any CPU
		{E381B17F-2585-4F3B-8E9C-BBBB0529A134}.Debug|Any CPU.ActiveCfg = Debug|Any CPU
		{E381B17F-2585-4F3B-8E9C-BBBB0529A134}.Debug|Any CPU.Build.0 = Debug|Any CPU
		{E381B17F-2585-4F3B-8E9C-BBBB0529A134}.Debug|x64.ActiveCfg = Debug|Any CPU
		{E381B17F-2585-4F3B-8E9C-BBBB0529A134}.Debug|x64.Build.0 = Debug|Any CPU
		{E381B17F-2585-4F3B-8E9C-BBBB0529A134}.Debug|x86.ActiveCfg = Debug|Any CPU
		{E381B17F-2585-4F3B-8E9C-BBBB0529A134}.Debug|x86.Build.0 = Debug|Any CPU
		{E381B17F-2585-4F3B-8E9C-BBBB0529A134}.Release|Any CPU.ActiveCfg = Release|Any CPU
		{E381B17F-2585-4F3B-8E9C-BBBB0529A134}.Release|Any CPU.Build.0 = Release|Any CPU
		{E381B17F-2585-4F3B-8E9C-BBBB0529A134}.Release|x64.ActiveCfg = Release|Any CPU
		{E381B17F-2585-4F3B-8E9C-BBBB0529A134}.Release|x64.Build.0 = Release|Any CPU
		{E381B17F-2585-4F3B-8E9C-BBBB0529A134}.Release|x86.ActiveCfg = Release|Any CPU
		{E381B17F-2585-4F3B-8E9C-BBBB0529A134}.Release|x86.Build.0 = Release|Any CPU
		{98DCD51A-C1C2-402B-B310-C66226E0E7BC}.Debug|Any CPU.ActiveCfg = Debug|Any CPU
		{98DCD51A-C1C2-402B-B310-C66226E0E7BC}.Debug|Any CPU.Build.0 = Debug|Any CPU
		{98DCD51A-C1C2-402B-B310-C66226E0E7BC}.Debug|x64.ActiveCfg = Debug|Any CPU
		{98DCD51A-C1C2-402B-B310-C66226E0E7BC}.Debug|x64.Build.0 = Debug|Any CPU
		{98DCD51A-C1C2-402B-B310-C66226E0E7BC}.Debug|x86.ActiveCfg = Debug|Any CPU
		{98DCD51A-C1C2-402B-B310-C66226E0E7BC}.Debug|x86.Build.0 = Debug|Any CPU
		{98DCD51A-C1C2-402B-B310-C66226E0E7BC}.Release|Any CPU.ActiveCfg = Release|Any CPU
		{98DCD51A-C1C2-402B-B310-C66226E0E7BC}.Release|Any CPU.Build.0 = Release|Any CPU
		{98DCD51A-C1C2-402B-B310-C66226E0E7BC}.Release|x64.ActiveCfg = Release|Any CPU
		{98DCD51A-C1C2-402B-B310-C66226E0E7BC}.Release|x64.Build.0 = Release|Any CPU
		{98DCD51A-C1C2-402B-B310-C66226E0E7BC}.Release|x86.ActiveCfg = Release|Any CPU
		{98DCD51A-C1C2-402B-B310-C66226E0E7BC}.Release|x86.Build.0 = Release|Any CPU
		{F78FB13A-0707-43E6-A43F-EFFE356A0FC0}.Debug|Any CPU.ActiveCfg = Debug|Any CPU
		{F78FB13A-0707-43E6-A43F-EFFE356A0FC0}.Debug|Any CPU.Build.0 = Debug|Any CPU
		{F78FB13A-0707-43E6-A43F-EFFE356A0FC0}.Debug|x64.ActiveCfg = Debug|Any CPU
		{F78FB13A-0707-43E6-A43F-EFFE356A0FC0}.Debug|x64.Build.0 = Debug|Any CPU
		{F78FB13A-0707-43E6-A43F-EFFE356A0FC0}.Debug|x86.ActiveCfg = Debug|Any CPU
		{F78FB13A-0707-43E6-A43F-EFFE356A0FC0}.Debug|x86.Build.0 = Debug|Any CPU
		{F78FB13A-0707-43E6-A43F-EFFE356A0FC0}.Release|Any CPU.ActiveCfg = Release|Any CPU
		{F78FB13A-0707-43E6-A43F-EFFE356A0FC0}.Release|Any CPU.Build.0 = Release|Any CPU
		{F78FB13A-0707-43E6-A43F-EFFE356A0FC0}.Release|x64.ActiveCfg = Release|Any CPU
		{F78FB13A-0707-43E6-A43F-EFFE356A0FC0}.Release|x64.Build.0 = Release|Any CPU
		{F78FB13A-0707-43E6-A43F-EFFE356A0FC0}.Release|x86.ActiveCfg = Release|Any CPU
		{F78FB13A-0707-43E6-A43F-EFFE356A0FC0}.Release|x86.Build.0 = Release|Any CPU
		{B5ACC171-1A86-44CC-8033-5F44CC3F5346}.Debug|Any CPU.ActiveCfg = Debug|Any CPU
		{B5ACC171-1A86-44CC-8033-5F44CC3F5346}.Debug|Any CPU.Build.0 = Debug|Any CPU
		{B5ACC171-1A86-44CC-8033-5F44CC3F5346}.Debug|x64.ActiveCfg = Debug|Any CPU
		{B5ACC171-1A86-44CC-8033-5F44CC3F5346}.Debug|x64.Build.0 = Debug|Any CPU
		{B5ACC171-1A86-44CC-8033-5F44CC3F5346}.Debug|x86.ActiveCfg = Debug|Any CPU
		{B5ACC171-1A86-44CC-8033-5F44CC3F5346}.Debug|x86.Build.0 = Debug|Any CPU
		{B5ACC171-1A86-44CC-8033-5F44CC3F5346}.Release|Any CPU.ActiveCfg = Release|Any CPU
		{B5ACC171-1A86-44CC-8033-5F44CC3F5346}.Release|Any CPU.Build.0 = Release|Any CPU
		{B5ACC171-1A86-44CC-8033-5F44CC3F5346}.Release|x64.ActiveCfg = Release|Any CPU
		{B5ACC171-1A86-44CC-8033-5F44CC3F5346}.Release|x64.Build.0 = Release|Any CPU
		{B5ACC171-1A86-44CC-8033-5F44CC3F5346}.Release|x86.ActiveCfg = Release|Any CPU
		{B5ACC171-1A86-44CC-8033-5F44CC3F5346}.Release|x86.Build.0 = Release|Any CPU
		{1CAA6208-7BF5-4F6D-861C-1BDB7001FE79}.Debug|Any CPU.ActiveCfg = Debug|Any CPU
		{1CAA6208-7BF5-4F6D-861C-1BDB7001FE79}.Debug|Any CPU.Build.0 = Debug|Any CPU
		{1CAA6208-7BF5-4F6D-861C-1BDB7001FE79}.Debug|x64.ActiveCfg = Debug|Any CPU
		{1CAA6208-7BF5-4F6D-861C-1BDB7001FE79}.Debug|x64.Build.0 = Debug|Any CPU
		{1CAA6208-7BF5-4F6D-861C-1BDB7001FE79}.Debug|x86.ActiveCfg = Debug|Any CPU
		{1CAA6208-7BF5-4F6D-861C-1BDB7001FE79}.Debug|x86.Build.0 = Debug|Any CPU
		{1CAA6208-7BF5-4F6D-861C-1BDB7001FE79}.Release|Any CPU.ActiveCfg = Release|Any CPU
		{1CAA6208-7BF5-4F6D-861C-1BDB7001FE79}.Release|Any CPU.Build.0 = Release|Any CPU
		{1CAA6208-7BF5-4F6D-861C-1BDB7001FE79}.Release|x64.ActiveCfg = Release|Any CPU
		{1CAA6208-7BF5-4F6D-861C-1BDB7001FE79}.Release|x64.Build.0 = Release|Any CPU
		{1CAA6208-7BF5-4F6D-861C-1BDB7001FE79}.Release|x86.ActiveCfg = Release|Any CPU
		{1CAA6208-7BF5-4F6D-861C-1BDB7001FE79}.Release|x86.Build.0 = Release|Any CPU
		{5506DC02-EB95-45DB-B341-8092E5B4CC30}.Debug|Any CPU.ActiveCfg = Debug|Any CPU
		{5506DC02-EB95-45DB-B341-8092E5B4CC30}.Debug|Any CPU.Build.0 = Debug|Any CPU
		{5506DC02-EB95-45DB-B341-8092E5B4CC30}.Debug|x64.ActiveCfg = Debug|Any CPU
		{5506DC02-EB95-45DB-B341-8092E5B4CC30}.Debug|x64.Build.0 = Debug|Any CPU
		{5506DC02-EB95-45DB-B341-8092E5B4CC30}.Debug|x86.ActiveCfg = Debug|Any CPU
		{5506DC02-EB95-45DB-B341-8092E5B4CC30}.Debug|x86.Build.0 = Debug|Any CPU
		{5506DC02-EB95-45DB-B341-8092E5B4CC30}.Release|Any CPU.ActiveCfg = Release|Any CPU
		{5506DC02-EB95-45DB-B341-8092E5B4CC30}.Release|Any CPU.Build.0 = Release|Any CPU
		{5506DC02-EB95-45DB-B341-8092E5B4CC30}.Release|x64.ActiveCfg = Release|Any CPU
		{5506DC02-EB95-45DB-B341-8092E5B4CC30}.Release|x64.Build.0 = Release|Any CPU
		{5506DC02-EB95-45DB-B341-8092E5B4CC30}.Release|x86.ActiveCfg = Release|Any CPU
		{5506DC02-EB95-45DB-B341-8092E5B4CC30}.Release|x86.Build.0 = Release|Any CPU
		{234DE23E-AF3C-4BD4-8297-90E3C6D09B54}.Debug|Any CPU.ActiveCfg = Debug|Any CPU
		{234DE23E-AF3C-4BD4-8297-90E3C6D09B54}.Debug|Any CPU.Build.0 = Debug|Any CPU
		{234DE23E-AF3C-4BD4-8297-90E3C6D09B54}.Debug|x64.ActiveCfg = Debug|Any CPU
		{234DE23E-AF3C-4BD4-8297-90E3C6D09B54}.Debug|x64.Build.0 = Debug|Any CPU
		{234DE23E-AF3C-4BD4-8297-90E3C6D09B54}.Debug|x86.ActiveCfg = Debug|Any CPU
		{234DE23E-AF3C-4BD4-8297-90E3C6D09B54}.Debug|x86.Build.0 = Debug|Any CPU
		{234DE23E-AF3C-4BD4-8297-90E3C6D09B54}.Release|Any CPU.ActiveCfg = Release|Any CPU
		{234DE23E-AF3C-4BD4-8297-90E3C6D09B54}.Release|Any CPU.Build.0 = Release|Any CPU
		{234DE23E-AF3C-4BD4-8297-90E3C6D09B54}.Release|x64.ActiveCfg = Release|Any CPU
		{234DE23E-AF3C-4BD4-8297-90E3C6D09B54}.Release|x64.Build.0 = Release|Any CPU
		{234DE23E-AF3C-4BD4-8297-90E3C6D09B54}.Release|x86.ActiveCfg = Release|Any CPU
		{234DE23E-AF3C-4BD4-8297-90E3C6D09B54}.Release|x86.Build.0 = Release|Any CPU
		{5823E841-B761-45F8-8E38-9AFA9A242680}.Debug|Any CPU.ActiveCfg = Debug|Any CPU
		{5823E841-B761-45F8-8E38-9AFA9A242680}.Debug|Any CPU.Build.0 = Debug|Any CPU
		{5823E841-B761-45F8-8E38-9AFA9A242680}.Debug|x64.ActiveCfg = Debug|Any CPU
		{5823E841-B761-45F8-8E38-9AFA9A242680}.Debug|x64.Build.0 = Debug|Any CPU
		{5823E841-B761-45F8-8E38-9AFA9A242680}.Debug|x86.ActiveCfg = Debug|Any CPU
		{5823E841-B761-45F8-8E38-9AFA9A242680}.Debug|x86.Build.0 = Debug|Any CPU
		{5823E841-B761-45F8-8E38-9AFA9A242680}.Release|Any CPU.ActiveCfg = Release|Any CPU
		{5823E841-B761-45F8-8E38-9AFA9A242680}.Release|Any CPU.Build.0 = Release|Any CPU
		{5823E841-B761-45F8-8E38-9AFA9A242680}.Release|x64.ActiveCfg = Release|Any CPU
		{5823E841-B761-45F8-8E38-9AFA9A242680}.Release|x64.Build.0 = Release|Any CPU
		{5823E841-B761-45F8-8E38-9AFA9A242680}.Release|x86.ActiveCfg = Release|Any CPU
		{5823E841-B761-45F8-8E38-9AFA9A242680}.Release|x86.Build.0 = Release|Any CPU
		{08E9CA92-A040-4FA9-AA89-430B04127EAD}.Debug|Any CPU.ActiveCfg = Debug|Any CPU
		{08E9CA92-A040-4FA9-AA89-430B04127EAD}.Debug|Any CPU.Build.0 = Debug|Any CPU
		{08E9CA92-A040-4FA9-AA89-430B04127EAD}.Debug|x64.ActiveCfg = Debug|Any CPU
		{08E9CA92-A040-4FA9-AA89-430B04127EAD}.Debug|x64.Build.0 = Debug|Any CPU
		{08E9CA92-A040-4FA9-AA89-430B04127EAD}.Debug|x86.ActiveCfg = Debug|Any CPU
		{08E9CA92-A040-4FA9-AA89-430B04127EAD}.Debug|x86.Build.0 = Debug|Any CPU
		{08E9CA92-A040-4FA9-AA89-430B04127EAD}.Release|Any CPU.ActiveCfg = Release|Any CPU
		{08E9CA92-A040-4FA9-AA89-430B04127EAD}.Release|Any CPU.Build.0 = Release|Any CPU
		{08E9CA92-A040-4FA9-AA89-430B04127EAD}.Release|x64.ActiveCfg = Release|Any CPU
		{08E9CA92-A040-4FA9-AA89-430B04127EAD}.Release|x64.Build.0 = Release|Any CPU
		{08E9CA92-A040-4FA9-AA89-430B04127EAD}.Release|x86.ActiveCfg = Release|Any CPU
		{08E9CA92-A040-4FA9-AA89-430B04127EAD}.Release|x86.Build.0 = Release|Any CPU
		{16516DFB-A48D-4D77-9425-E15446EA1596}.Debug|Any CPU.ActiveCfg = Debug|Any CPU
		{16516DFB-A48D-4D77-9425-E15446EA1596}.Debug|Any CPU.Build.0 = Debug|Any CPU
		{16516DFB-A48D-4D77-9425-E15446EA1596}.Debug|x64.ActiveCfg = Debug|Any CPU
		{16516DFB-A48D-4D77-9425-E15446EA1596}.Debug|x64.Build.0 = Debug|Any CPU
		{16516DFB-A48D-4D77-9425-E15446EA1596}.Debug|x86.ActiveCfg = Debug|Any CPU
		{16516DFB-A48D-4D77-9425-E15446EA1596}.Debug|x86.Build.0 = Debug|Any CPU
		{16516DFB-A48D-4D77-9425-E15446EA1596}.Release|Any CPU.ActiveCfg = Release|Any CPU
		{16516DFB-A48D-4D77-9425-E15446EA1596}.Release|Any CPU.Build.0 = Release|Any CPU
		{16516DFB-A48D-4D77-9425-E15446EA1596}.Release|x64.ActiveCfg = Release|Any CPU
		{16516DFB-A48D-4D77-9425-E15446EA1596}.Release|x64.Build.0 = Release|Any CPU
		{16516DFB-A48D-4D77-9425-E15446EA1596}.Release|x86.ActiveCfg = Release|Any CPU
		{16516DFB-A48D-4D77-9425-E15446EA1596}.Release|x86.Build.0 = Release|Any CPU
		{236A9DDA-B4D9-462D-ABC1-3513CFBADB46}.Debug|Any CPU.ActiveCfg = Debug|Any CPU
		{236A9DDA-B4D9-462D-ABC1-3513CFBADB46}.Debug|Any CPU.Build.0 = Debug|Any CPU
		{236A9DDA-B4D9-462D-ABC1-3513CFBADB46}.Debug|x64.ActiveCfg = Debug|Any CPU
		{236A9DDA-B4D9-462D-ABC1-3513CFBADB46}.Debug|x64.Build.0 = Debug|Any CPU
		{236A9DDA-B4D9-462D-ABC1-3513CFBADB46}.Debug|x86.ActiveCfg = Debug|Any CPU
		{236A9DDA-B4D9-462D-ABC1-3513CFBADB46}.Debug|x86.Build.0 = Debug|Any CPU
		{236A9DDA-B4D9-462D-ABC1-3513CFBADB46}.Release|Any CPU.ActiveCfg = Release|Any CPU
		{236A9DDA-B4D9-462D-ABC1-3513CFBADB46}.Release|Any CPU.Build.0 = Release|Any CPU
		{236A9DDA-B4D9-462D-ABC1-3513CFBADB46}.Release|x64.ActiveCfg = Release|Any CPU
		{236A9DDA-B4D9-462D-ABC1-3513CFBADB46}.Release|x64.Build.0 = Release|Any CPU
		{236A9DDA-B4D9-462D-ABC1-3513CFBADB46}.Release|x86.ActiveCfg = Release|Any CPU
		{236A9DDA-B4D9-462D-ABC1-3513CFBADB46}.Release|x86.Build.0 = Release|Any CPU
	EndGlobalSection
	GlobalSection(SolutionProperties) = preSolution
		HideSolutionNode = FALSE
	EndGlobalSection
	GlobalSection(NestedProjects) = preSolution
		{226EA79B-D58B-46E2-93EF-33B5AF807955} = {155EB44D-EA3E-4FF2-8155-B2FA2CEA0320}
		{640F6780-9097-4803-A779-2EB83E6F43FC} = {1727D6F0-DB96-4166-A2F6-E644A0BC8C56}
		{998AF00A-5A65-445C-AC39-87860DB99477} = {1727D6F0-DB96-4166-A2F6-E644A0BC8C56}
		{C7B249A8-0B5F-4728-A1DB-FFC43E0A28AC} = {1727D6F0-DB96-4166-A2F6-E644A0BC8C56}
		{77CD1E54-B27D-41DD-AD66-3C2C9AE5C652} = {1727D6F0-DB96-4166-A2F6-E644A0BC8C56}
		{2A5A39D2-EE7F-4DA9-A664-11F8DA6AACA8} = {239A62D8-C598-46B9-B538-F94ABAC00B78}
		{89CB6EED-7A82-4B09-8211-A4FAB32F0339} = {239A62D8-C598-46B9-B538-F94ABAC00B78}
		{1DDD89D7-EDC5-4C89-B0C2-C881769BFB94} = {155EB44D-EA3E-4FF2-8155-B2FA2CEA0320}
		{C406DD95-5866-4C23-9D98-776BF3349D8C} = {155EB44D-EA3E-4FF2-8155-B2FA2CEA0320}
		{DDBBC026-0E97-4771-8F30-5F8BEA3C942A} = {155EB44D-EA3E-4FF2-8155-B2FA2CEA0320}
		{3726BF28-8726-49DB-A718-C936D38D52B6} = {155EB44D-EA3E-4FF2-8155-B2FA2CEA0320}
		{5D2516BC-2329-4D69-893A-C2406B86EB84} = {155EB44D-EA3E-4FF2-8155-B2FA2CEA0320}
		{B5FEF186-44C0-4F87-B23A-D7F187177F99} = {155EB44D-EA3E-4FF2-8155-B2FA2CEA0320}
		{98DCD51A-C1C2-402B-B310-C66226E0E7BC} = {F5ADA288-B226-4814-8081-CC55F2E05C79}
		{F78FB13A-0707-43E6-A43F-EFFE356A0FC0} = {F5ADA288-B226-4814-8081-CC55F2E05C79}
		{B5ACC171-1A86-44CC-8033-5F44CC3F5346} = {F5ADA288-B226-4814-8081-CC55F2E05C79}
		{5506DC02-EB95-45DB-B341-8092E5B4CC30} = {F5ADA288-B226-4814-8081-CC55F2E05C79}
		{234DE23E-AF3C-4BD4-8297-90E3C6D09B54} = {F5ADA288-B226-4814-8081-CC55F2E05C79}
		{08E9CA92-A040-4FA9-AA89-430B04127EAD} = {F5ADA288-B226-4814-8081-CC55F2E05C79}
		{16516DFB-A48D-4D77-9425-E15446EA1596} = {F5ADA288-B226-4814-8081-CC55F2E05C79}
		{236A9DDA-B4D9-462D-ABC1-3513CFBADB46} = {F5ADA288-B226-4814-8081-CC55F2E05C79}
	EndGlobalSection
	GlobalSection(ExtensibilityGlobals) = postSolution
		SolutionGuid = {293BD2D6-0CD1-42A1-B21C-6B9CEFFCA8ED}
	EndGlobalSection
EndGlobal
