
Microsoft Visual Studio Solution File, Format Version 12.00
# Visual Studio Version 16
VisualStudioVersion = 16.0.31005.135
MinimumVisualStudioVersion = 15.0.26124.0
Project("{9A19103F-16F7-4668-BE54-9A1E7A4F7556}") = "Fluffle.Api", "Fluffle.Api\Fluffle.Api.csproj", "{A8D94D36-BDD4-468F-96D0-0D1FC4CB6B8B}"
EndProject
Project("{9A19103F-16F7-4668-BE54-9A1E7A4F7556}") = "Fluffle.Api.Communication", "Fluffle.Api.Communication\Fluffle.Api.Communication.csproj", "{B56A95F9-4EE4-4B4C-9996-4657F7871C32}"
EndProject
Project("{9A19103F-16F7-4668-BE54-9A1E7A4F7556}") = "Fluffle.B2", "Fluffle.B2\Fluffle.B2.csproj", "{86547008-70D0-47D0-A8AF-131D513EFA49}"
EndProject
Project("{9A19103F-16F7-4668-BE54-9A1E7A4F7556}") = "Fluffle.Configuration", "Fluffle.Configuration\Fluffle.Configuration.csproj", "{4981A668-B763-4F3A-BC30-38BA13DB2066}"
EndProject
Project("{9A19103F-16F7-4668-BE54-9A1E7A4F7556}") = "Fluffle.Constants", "Fluffle.Constants\Fluffle.Constants.csproj", "{1ED357B1-C58F-4829-ACDA-A53C3C95FEEF}"
EndProject
Project("{9A19103F-16F7-4668-BE54-9A1E7A4F7556}") = "Fluffle.Database", "Fluffle.Database\Fluffle.Database.csproj", "{C2F2906E-A875-477D-B802-6D2752EFD06D}"
EndProject
Project("{9A19103F-16F7-4668-BE54-9A1E7A4F7556}") = "Fluffle.E621Sync", "Fluffle.E621Sync\Fluffle.E621Sync.csproj", "{226EA79B-D58B-46E2-93EF-33B5AF807955}"
EndProject
Project("{9A19103F-16F7-4668-BE54-9A1E7A4F7556}") = "Fluffle.Http", "Fluffle.Http\Fluffle.Http.csproj", "{B8D5112E-3849-4417-882E-12178D7D2CBF}"
EndProject
Project("{9A19103F-16F7-4668-BE54-9A1E7A4F7556}") = "Fluffle.Index", "Fluffle.Index\Fluffle.Index.csproj", "{71082EAA-C20B-4DBA-8513-A99B1038A7BE}"
EndProject
Project("{9A19103F-16F7-4668-BE54-9A1E7A4F7556}") = "Fluffle.Main.Api", "Fluffle.Main.Api\Fluffle.Main.Api.csproj", "{640F6780-9097-4803-A779-2EB83E6F43FC}"
EndProject
Project("{9A19103F-16F7-4668-BE54-9A1E7A4F7556}") = "Fluffle.Main.Client", "Fluffle.Main.Client\Fluffle.Main.Client.csproj", "{998AF00A-5A65-445C-AC39-87860DB99477}"
EndProject
Project("{9A19103F-16F7-4668-BE54-9A1E7A4F7556}") = "Fluffle.Main.Communication", "Fluffle.Main.Communication\Fluffle.Main.Communication.csproj", "{C7B249A8-0B5F-4728-A1DB-FFC43E0A28AC}"
EndProject
Project("{9A19103F-16F7-4668-BE54-9A1E7A4F7556}") = "Fluffle.Main.Database", "Fluffle.Main.Database\Fluffle.Main.Database.csproj", "{77CD1E54-B27D-41DD-AD66-3C2C9AE5C652}"
EndProject
Project("{9A19103F-16F7-4668-BE54-9A1E7A4F7556}") = "Fluffle.PerceptualHashing", "Fluffle.PerceptualHashing\Fluffle.PerceptualHashing.csproj", "{EF83E8FB-9607-4CBC-96E0-05BE92B74B7E}"
EndProject
Project("{9A19103F-16F7-4668-BE54-9A1E7A4F7556}") = "Fluffle.Search.Database", "Fluffle.Search.Database\Fluffle.Search.Database.csproj", "{2A5A39D2-EE7F-4DA9-A664-11F8DA6AACA8}"
EndProject
Project("{9A19103F-16F7-4668-BE54-9A1E7A4F7556}") = "Fluffle.Search.Api", "Fluffle.Search.Api\Fluffle.Search.Api.csproj", "{89CB6EED-7A82-4B09-8211-A4FAB32F0339}"
EndProject
Project("{9A19103F-16F7-4668-BE54-9A1E7A4F7556}") = "Fluffle.Service", "Fluffle.Service\Fluffle.Service.csproj", "{C11B9BEF-8762-456B-8FC5-89870B98E301}"
EndProject
Project("{9A19103F-16F7-4668-BE54-9A1E7A4F7556}") = "Fluffle.Sync", "Fluffle.Sync\Fluffle.Sync.csproj", "{1DDD89D7-EDC5-4C89-B0C2-C881769BFB94}"
EndProject
Project("{9A19103F-16F7-4668-BE54-9A1E7A4F7556}") = "Fluffle.Thumbnail", "Fluffle.Thumbnail\Fluffle.Thumbnail.csproj", "{75CC84F6-1BC0-490C-A3D5-DF3DCFE8D2B2}"
EndProject
Project("{9A19103F-16F7-4668-BE54-9A1E7A4F7556}") = "Fluffle.Utils", "Fluffle.Utils\Fluffle.Utils.csproj", "{06C63E9D-1C5A-4E1D-A9D2-F54C9518D8FA}"
EndProject
Project("{9A19103F-16F7-4668-BE54-9A1E7A4F7556}") = "Fluffle.Validation", "Fluffle.Validation\Fluffle.Validation.csproj", "{BD50A2DB-13A1-4749-AF0D-B60704FEBD0B}"
EndProject
Project("{9A19103F-16F7-4668-BE54-9A1E7A4F7556}") = "Fluffle.Vips", "Fluffle.Vips\Fluffle.Vips.csproj", "{668A9604-7E97-44FD-9729-69C75C41AC08}"
EndProject
Project("{2150E333-8FDC-42A3-9474-1A3956D46DE8}") = "Main", "Main", "{1727D6F0-DB96-4166-A2F6-E644A0BC8C56}"
EndProject
Project("{2150E333-8FDC-42A3-9474-1A3956D46DE8}") = "Search", "Search", "{239A62D8-C598-46B9-B538-F94ABAC00B78}"
EndProject
Project("{2150E333-8FDC-42A3-9474-1A3956D46DE8}") = "Sync", "Sync", "{155EB44D-EA3E-4FF2-8155-B2FA2CEA0320}"
EndProject
Global
	GlobalSection(SolutionConfigurationPlatforms) = preSolution
		Debug|Any CPU = Debug|Any CPU
		Debug|x64 = Debug|x64
		Debug|x86 = Debug|x86
		Release|Any CPU = Release|Any CPU
		Release|x64 = Release|x64
		Release|x86 = Release|x86
	EndGlobalSection
	GlobalSection(ProjectConfigurationPlatforms) = postSolution
		{A8D94D36-BDD4-468F-96D0-0D1FC4CB6B8B}.Debug|Any CPU.ActiveCfg = Debug|Any CPU
		{A8D94D36-BDD4-468F-96D0-0D1FC4CB6B8B}.Debug|Any CPU.Build.0 = Debug|Any CPU
		{A8D94D36-BDD4-468F-96D0-0D1FC4CB6B8B}.Debug|x64.ActiveCfg = Debug|Any CPU
		{A8D94D36-BDD4-468F-96D0-0D1FC4CB6B8B}.Debug|x64.Build.0 = Debug|Any CPU
		{A8D94D36-BDD4-468F-96D0-0D1FC4CB6B8B}.Debug|x86.ActiveCfg = Debug|Any CPU
		{A8D94D36-BDD4-468F-96D0-0D1FC4CB6B8B}.Debug|x86.Build.0 = Debug|Any CPU
		{A8D94D36-BDD4-468F-96D0-0D1FC4CB6B8B}.Release|Any CPU.ActiveCfg = Release|Any CPU
		{A8D94D36-BDD4-468F-96D0-0D1FC4CB6B8B}.Release|Any CPU.Build.0 = Release|Any CPU
		{A8D94D36-BDD4-468F-96D0-0D1FC4CB6B8B}.Release|x64.ActiveCfg = Release|Any CPU
		{A8D94D36-BDD4-468F-96D0-0D1FC4CB6B8B}.Release|x64.Build.0 = Release|Any CPU
		{A8D94D36-BDD4-468F-96D0-0D1FC4CB6B8B}.Release|x86.ActiveCfg = Release|Any CPU
		{A8D94D36-BDD4-468F-96D0-0D1FC4CB6B8B}.Release|x86.Build.0 = Release|Any CPU
		{B56A95F9-4EE4-4B4C-9996-4657F7871C32}.Debug|Any CPU.ActiveCfg = Debug|Any CPU
		{B56A95F9-4EE4-4B4C-9996-4657F7871C32}.Debug|Any CPU.Build.0 = Debug|Any CPU
		{B56A95F9-4EE4-4B4C-9996-4657F7871C32}.Debug|x64.ActiveCfg = Debug|Any CPU
		{B56A95F9-4EE4-4B4C-9996-4657F7871C32}.Debug|x64.Build.0 = Debug|Any CPU
		{B56A95F9-4EE4-4B4C-9996-4657F7871C32}.Debug|x86.ActiveCfg = Debug|Any CPU
		{B56A95F9-4EE4-4B4C-9996-4657F7871C32}.Debug|x86.Build.0 = Debug|Any CPU
		{B56A95F9-4EE4-4B4C-9996-4657F7871C32}.Release|Any CPU.ActiveCfg = Release|Any CPU
		{B56A95F9-4EE4-4B4C-9996-4657F7871C32}.Release|Any CPU.Build.0 = Release|Any CPU
		{B56A95F9-4EE4-4B4C-9996-4657F7871C32}.Release|x64.ActiveCfg = Release|Any CPU
		{B56A95F9-4EE4-4B4C-9996-4657F7871C32}.Release|x64.Build.0 = Release|Any CPU
		{B56A95F9-4EE4-4B4C-9996-4657F7871C32}.Release|x86.ActiveCfg = Release|Any CPU
		{B56A95F9-4EE4-4B4C-9996-4657F7871C32}.Release|x86.Build.0 = Release|Any CPU
		{86547008-70D0-47D0-A8AF-131D513EFA49}.Debug|Any CPU.ActiveCfg = Debug|Any CPU
		{86547008-70D0-47D0-A8AF-131D513EFA49}.Debug|Any CPU.Build.0 = Debug|Any CPU
		{86547008-70D0-47D0-A8AF-131D513EFA49}.Debug|x64.ActiveCfg = Debug|Any CPU
		{86547008-70D0-47D0-A8AF-131D513EFA49}.Debug|x64.Build.0 = Debug|Any CPU
		{86547008-70D0-47D0-A8AF-131D513EFA49}.Debug|x86.ActiveCfg = Debug|Any CPU
		{86547008-70D0-47D0-A8AF-131D513EFA49}.Debug|x86.Build.0 = Debug|Any CPU
		{86547008-70D0-47D0-A8AF-131D513EFA49}.Release|Any CPU.ActiveCfg = Release|Any CPU
		{86547008-70D0-47D0-A8AF-131D513EFA49}.Release|Any CPU.Build.0 = Release|Any CPU
		{86547008-70D0-47D0-A8AF-131D513EFA49}.Release|x64.ActiveCfg = Release|Any CPU
		{86547008-70D0-47D0-A8AF-131D513EFA49}.Release|x64.Build.0 = Release|Any CPU
		{86547008-70D0-47D0-A8AF-131D513EFA49}.Release|x86.ActiveCfg = Release|Any CPU
		{86547008-70D0-47D0-A8AF-131D513EFA49}.Release|x86.Build.0 = Release|Any CPU
		{4981A668-B763-4F3A-BC30-38BA13DB2066}.Debug|Any CPU.ActiveCfg = Debug|Any CPU
		{4981A668-B763-4F3A-BC30-38BA13DB2066}.Debug|Any CPU.Build.0 = Debug|Any CPU
		{4981A668-B763-4F3A-BC30-38BA13DB2066}.Debug|x64.ActiveCfg = Debug|Any CPU
		{4981A668-B763-4F3A-BC30-38BA13DB2066}.Debug|x64.Build.0 = Debug|Any CPU
		{4981A668-B763-4F3A-BC30-38BA13DB2066}.Debug|x86.ActiveCfg = Debug|Any CPU
		{4981A668-B763-4F3A-BC30-38BA13DB2066}.Debug|x86.Build.0 = Debug|Any CPU
		{4981A668-B763-4F3A-BC30-38BA13DB2066}.Release|Any CPU.ActiveCfg = Release|Any CPU
		{4981A668-B763-4F3A-BC30-38BA13DB2066}.Release|Any CPU.Build.0 = Release|Any CPU
		{4981A668-B763-4F3A-BC30-38BA13DB2066}.Release|x64.ActiveCfg = Release|Any CPU
		{4981A668-B763-4F3A-BC30-38BA13DB2066}.Release|x64.Build.0 = Release|Any CPU
		{4981A668-B763-4F3A-BC30-38BA13DB2066}.Release|x86.ActiveCfg = Release|Any CPU
		{4981A668-B763-4F3A-BC30-38BA13DB2066}.Release|x86.Build.0 = Release|Any CPU
		{1ED357B1-C58F-4829-ACDA-A53C3C95FEEF}.Debug|Any CPU.ActiveCfg = Debug|Any CPU
		{1ED357B1-C58F-4829-ACDA-A53C3C95FEEF}.Debug|Any CPU.Build.0 = Debug|Any CPU
		{1ED357B1-C58F-4829-ACDA-A53C3C95FEEF}.Debug|x64.ActiveCfg = Debug|Any CPU
		{1ED357B1-C58F-4829-ACDA-A53C3C95FEEF}.Debug|x64.Build.0 = Debug|Any CPU
		{1ED357B1-C58F-4829-ACDA-A53C3C95FEEF}.Debug|x86.ActiveCfg = Debug|Any CPU
		{1ED357B1-C58F-4829-ACDA-A53C3C95FEEF}.Debug|x86.Build.0 = Debug|Any CPU
		{1ED357B1-C58F-4829-ACDA-A53C3C95FEEF}.Release|Any CPU.ActiveCfg = Release|Any CPU
		{1ED357B1-C58F-4829-ACDA-A53C3C95FEEF}.Release|Any CPU.Build.0 = Release|Any CPU
		{1ED357B1-C58F-4829-ACDA-A53C3C95FEEF}.Release|x64.ActiveCfg = Release|Any CPU
		{1ED357B1-C58F-4829-ACDA-A53C3C95FEEF}.Release|x64.Build.0 = Release|Any CPU
		{1ED357B1-C58F-4829-ACDA-A53C3C95FEEF}.Release|x86.ActiveCfg = Release|Any CPU
		{1ED357B1-C58F-4829-ACDA-A53C3C95FEEF}.Release|x86.Build.0 = Release|Any CPU
		{C2F2906E-A875-477D-B802-6D2752EFD06D}.Debug|Any CPU.ActiveCfg = Debug|Any CPU
		{C2F2906E-A875-477D-B802-6D2752EFD06D}.Debug|Any CPU.Build.0 = Debug|Any CPU
		{C2F2906E-A875-477D-B802-6D2752EFD06D}.Debug|x64.ActiveCfg = Debug|Any CPU
		{C2F2906E-A875-477D-B802-6D2752EFD06D}.Debug|x64.Build.0 = Debug|Any CPU
		{C2F2906E-A875-477D-B802-6D2752EFD06D}.Debug|x86.ActiveCfg = Debug|Any CPU
		{C2F2906E-A875-477D-B802-6D2752EFD06D}.Debug|x86.Build.0 = Debug|Any CPU
		{C2F2906E-A875-477D-B802-6D2752EFD06D}.Release|Any CPU.ActiveCfg = Release|Any CPU
		{C2F2906E-A875-477D-B802-6D2752EFD06D}.Release|Any CPU.Build.0 = Release|Any CPU
		{C2F2906E-A875-477D-B802-6D2752EFD06D}.Release|x64.ActiveCfg = Release|Any CPU
		{C2F2906E-A875-477D-B802-6D2752EFD06D}.Release|x64.Build.0 = Release|Any CPU
		{C2F2906E-A875-477D-B802-6D2752EFD06D}.Release|x86.ActiveCfg = Release|Any CPU
		{C2F2906E-A875-477D-B802-6D2752EFD06D}.Release|x86.Build.0 = Release|Any CPU
		{226EA79B-D58B-46E2-93EF-33B5AF807955}.Debug|Any CPU.ActiveCfg = Debug|Any CPU
		{226EA79B-D58B-46E2-93EF-33B5AF807955}.Debug|Any CPU.Build.0 = Debug|Any CPU
		{226EA79B-D58B-46E2-93EF-33B5AF807955}.Debug|x64.ActiveCfg = Debug|Any CPU
		{226EA79B-D58B-46E2-93EF-33B5AF807955}.Debug|x64.Build.0 = Debug|Any CPU
		{226EA79B-D58B-46E2-93EF-33B5AF807955}.Debug|x86.ActiveCfg = Debug|Any CPU
		{226EA79B-D58B-46E2-93EF-33B5AF807955}.Debug|x86.Build.0 = Debug|Any CPU
		{226EA79B-D58B-46E2-93EF-33B5AF807955}.Release|Any CPU.ActiveCfg = Release|Any CPU
		{226EA79B-D58B-46E2-93EF-33B5AF807955}.Release|Any CPU.Build.0 = Release|Any CPU
		{226EA79B-D58B-46E2-93EF-33B5AF807955}.Release|x64.ActiveCfg = Release|Any CPU
		{226EA79B-D58B-46E2-93EF-33B5AF807955}.Release|x64.Build.0 = Release|Any CPU
		{226EA79B-D58B-46E2-93EF-33B5AF807955}.Release|x86.ActiveCfg = Release|Any CPU
		{226EA79B-D58B-46E2-93EF-33B5AF807955}.Release|x86.Build.0 = Release|Any CPU
		{B8D5112E-3849-4417-882E-12178D7D2CBF}.Debug|Any CPU.ActiveCfg = Debug|Any CPU
		{B8D5112E-3849-4417-882E-12178D7D2CBF}.Debug|Any CPU.Build.0 = Debug|Any CPU
		{B8D5112E-3849-4417-882E-12178D7D2CBF}.Debug|x64.ActiveCfg = Debug|Any CPU
		{B8D5112E-3849-4417-882E-12178D7D2CBF}.Debug|x64.Build.0 = Debug|Any CPU
		{B8D5112E-3849-4417-882E-12178D7D2CBF}.Debug|x86.ActiveCfg = Debug|Any CPU
		{B8D5112E-3849-4417-882E-12178D7D2CBF}.Debug|x86.Build.0 = Debug|Any CPU
		{B8D5112E-3849-4417-882E-12178D7D2CBF}.Release|Any CPU.ActiveCfg = Release|Any CPU
		{B8D5112E-3849-4417-882E-12178D7D2CBF}.Release|Any CPU.Build.0 = Release|Any CPU
		{B8D5112E-3849-4417-882E-12178D7D2CBF}.Release|x64.ActiveCfg = Release|Any CPU
		{B8D5112E-3849-4417-882E-12178D7D2CBF}.Release|x64.Build.0 = Release|Any CPU
		{B8D5112E-3849-4417-882E-12178D7D2CBF}.Release|x86.ActiveCfg = Release|Any CPU
		{B8D5112E-3849-4417-882E-12178D7D2CBF}.Release|x86.Build.0 = Release|Any CPU
		{71082EAA-C20B-4DBA-8513-A99B1038A7BE}.Debug|Any CPU.ActiveCfg = Debug|Any CPU
		{71082EAA-C20B-4DBA-8513-A99B1038A7BE}.Debug|Any CPU.Build.0 = Debug|Any CPU
		{71082EAA-C20B-4DBA-8513-A99B1038A7BE}.Debug|x64.ActiveCfg = Debug|Any CPU
		{71082EAA-C20B-4DBA-8513-A99B1038A7BE}.Debug|x64.Build.0 = Debug|Any CPU
		{71082EAA-C20B-4DBA-8513-A99B1038A7BE}.Debug|x86.ActiveCfg = Debug|Any CPU
		{71082EAA-C20B-4DBA-8513-A99B1038A7BE}.Debug|x86.Build.0 = Debug|Any CPU
		{71082EAA-C20B-4DBA-8513-A99B1038A7BE}.Release|Any CPU.ActiveCfg = Release|Any CPU
		{71082EAA-C20B-4DBA-8513-A99B1038A7BE}.Release|Any CPU.Build.0 = Release|Any CPU
		{71082EAA-C20B-4DBA-8513-A99B1038A7BE}.Release|x64.ActiveCfg = Release|Any CPU
		{71082EAA-C20B-4DBA-8513-A99B1038A7BE}.Release|x64.Build.0 = Release|Any CPU
		{71082EAA-C20B-4DBA-8513-A99B1038A7BE}.Release|x86.ActiveCfg = Release|Any CPU
		{71082EAA-C20B-4DBA-8513-A99B1038A7BE}.Release|x86.Build.0 = Release|Any CPU
		{640F6780-9097-4803-A779-2EB83E6F43FC}.Debug|Any CPU.ActiveCfg = Debug|Any CPU
		{640F6780-9097-4803-A779-2EB83E6F43FC}.Debug|Any CPU.Build.0 = Debug|Any CPU
		{640F6780-9097-4803-A779-2EB83E6F43FC}.Debug|x64.ActiveCfg = Debug|Any CPU
		{640F6780-9097-4803-A779-2EB83E6F43FC}.Debug|x64.Build.0 = Debug|Any CPU
		{640F6780-9097-4803-A779-2EB83E6F43FC}.Debug|x86.ActiveCfg = Debug|Any CPU
		{640F6780-9097-4803-A779-2EB83E6F43FC}.Debug|x86.Build.0 = Debug|Any CPU
		{640F6780-9097-4803-A779-2EB83E6F43FC}.Release|Any CPU.ActiveCfg = Release|Any CPU
		{640F6780-9097-4803-A779-2EB83E6F43FC}.Release|Any CPU.Build.0 = Release|Any CPU
		{640F6780-9097-4803-A779-2EB83E6F43FC}.Release|x64.ActiveCfg = Release|Any CPU
		{640F6780-9097-4803-A779-2EB83E6F43FC}.Release|x64.Build.0 = Release|Any CPU
		{640F6780-9097-4803-A779-2EB83E6F43FC}.Release|x86.ActiveCfg = Release|Any CPU
		{640F6780-9097-4803-A779-2EB83E6F43FC}.Release|x86.Build.0 = Release|Any CPU
		{998AF00A-5A65-445C-AC39-87860DB99477}.Debug|Any CPU.ActiveCfg = Debug|Any CPU
		{998AF00A-5A65-445C-AC39-87860DB99477}.Debug|Any CPU.Build.0 = Debug|Any CPU
		{998AF00A-5A65-445C-AC39-87860DB99477}.Debug|x64.ActiveCfg = Debug|Any CPU
		{998AF00A-5A65-445C-AC39-87860DB99477}.Debug|x64.Build.0 = Debug|Any CPU
		{998AF00A-5A65-445C-AC39-87860DB99477}.Debug|x86.ActiveCfg = Debug|Any CPU
		{998AF00A-5A65-445C-AC39-87860DB99477}.Debug|x86.Build.0 = Debug|Any CPU
		{998AF00A-5A65-445C-AC39-87860DB99477}.Release|Any CPU.ActiveCfg = Release|Any CPU
		{998AF00A-5A65-445C-AC39-87860DB99477}.Release|Any CPU.Build.0 = Release|Any CPU
		{998AF00A-5A65-445C-AC39-87860DB99477}.Release|x64.ActiveCfg = Release|Any CPU
		{998AF00A-5A65-445C-AC39-87860DB99477}.Release|x64.Build.0 = Release|Any CPU
		{998AF00A-5A65-445C-AC39-87860DB99477}.Release|x86.ActiveCfg = Release|Any CPU
		{998AF00A-5A65-445C-AC39-87860DB99477}.Release|x86.Build.0 = Release|Any CPU
		{C7B249A8-0B5F-4728-A1DB-FFC43E0A28AC}.Debug|Any CPU.ActiveCfg = Debug|Any CPU
		{C7B249A8-0B5F-4728-A1DB-FFC43E0A28AC}.Debug|Any CPU.Build.0 = Debug|Any CPU
		{C7B249A8-0B5F-4728-A1DB-FFC43E0A28AC}.Debug|x64.ActiveCfg = Debug|Any CPU
		{C7B249A8-0B5F-4728-A1DB-FFC43E0A28AC}.Debug|x64.Build.0 = Debug|Any CPU
		{C7B249A8-0B5F-4728-A1DB-FFC43E0A28AC}.Debug|x86.ActiveCfg = Debug|Any CPU
		{C7B249A8-0B5F-4728-A1DB-FFC43E0A28AC}.Debug|x86.Build.0 = Debug|Any CPU
		{C7B249A8-0B5F-4728-A1DB-FFC43E0A28AC}.Release|Any CPU.ActiveCfg = Release|Any CPU
		{C7B249A8-0B5F-4728-A1DB-FFC43E0A28AC}.Release|Any CPU.Build.0 = Release|Any CPU
		{C7B249A8-0B5F-4728-A1DB-FFC43E0A28AC}.Release|x64.ActiveCfg = Release|Any CPU
		{C7B249A8-0B5F-4728-A1DB-FFC43E0A28AC}.Release|x64.Build.0 = Release|Any CPU
		{C7B249A8-0B5F-4728-A1DB-FFC43E0A28AC}.Release|x86.ActiveCfg = Release|Any CPU
		{C7B249A8-0B5F-4728-A1DB-FFC43E0A28AC}.Release|x86.Build.0 = Release|Any CPU
		{77CD1E54-B27D-41DD-AD66-3C2C9AE5C652}.Debug|Any CPU.ActiveCfg = Debug|Any CPU
		{77CD1E54-B27D-41DD-AD66-3C2C9AE5C652}.Debug|Any CPU.Build.0 = Debug|Any CPU
		{77CD1E54-B27D-41DD-AD66-3C2C9AE5C652}.Debug|x64.ActiveCfg = Debug|Any CPU
		{77CD1E54-B27D-41DD-AD66-3C2C9AE5C652}.Debug|x64.Build.0 = Debug|Any CPU
		{77CD1E54-B27D-41DD-AD66-3C2C9AE5C652}.Debug|x86.ActiveCfg = Debug|Any CPU
		{77CD1E54-B27D-41DD-AD66-3C2C9AE5C652}.Debug|x86.Build.0 = Debug|Any CPU
		{77CD1E54-B27D-41DD-AD66-3C2C9AE5C652}.Release|Any CPU.ActiveCfg = Release|Any CPU
		{77CD1E54-B27D-41DD-AD66-3C2C9AE5C652}.Release|Any CPU.Build.0 = Release|Any CPU
		{77CD1E54-B27D-41DD-AD66-3C2C9AE5C652}.Release|x64.ActiveCfg = Release|Any CPU
		{77CD1E54-B27D-41DD-AD66-3C2C9AE5C652}.Release|x64.Build.0 = Release|Any CPU
		{77CD1E54-B27D-41DD-AD66-3C2C9AE5C652}.Release|x86.ActiveCfg = Release|Any CPU
		{77CD1E54-B27D-41DD-AD66-3C2C9AE5C652}.Release|x86.Build.0 = Release|Any CPU
		{EF83E8FB-9607-4CBC-96E0-05BE92B74B7E}.Debug|Any CPU.ActiveCfg = Debug|Any CPU
		{EF83E8FB-9607-4CBC-96E0-05BE92B74B7E}.Debug|Any CPU.Build.0 = Debug|Any CPU
		{EF83E8FB-9607-4CBC-96E0-05BE92B74B7E}.Debug|x64.ActiveCfg = Debug|Any CPU
		{EF83E8FB-9607-4CBC-96E0-05BE92B74B7E}.Debug|x64.Build.0 = Debug|Any CPU
		{EF83E8FB-9607-4CBC-96E0-05BE92B74B7E}.Debug|x86.ActiveCfg = Debug|Any CPU
		{EF83E8FB-9607-4CBC-96E0-05BE92B74B7E}.Debug|x86.Build.0 = Debug|Any CPU
		{EF83E8FB-9607-4CBC-96E0-05BE92B74B7E}.Release|Any CPU.ActiveCfg = Release|Any CPU
		{EF83E8FB-9607-4CBC-96E0-05BE92B74B7E}.Release|Any CPU.Build.0 = Release|Any CPU
		{EF83E8FB-9607-4CBC-96E0-05BE92B74B7E}.Release|x64.ActiveCfg = Release|Any CPU
		{EF83E8FB-9607-4CBC-96E0-05BE92B74B7E}.Release|x64.Build.0 = Release|Any CPU
		{EF83E8FB-9607-4CBC-96E0-05BE92B74B7E}.Release|x86.ActiveCfg = Release|Any CPU
		{EF83E8FB-9607-4CBC-96E0-05BE92B74B7E}.Release|x86.Build.0 = Release|Any CPU
		{2A5A39D2-EE7F-4DA9-A664-11F8DA6AACA8}.Debug|Any CPU.ActiveCfg = Debug|Any CPU
		{2A5A39D2-EE7F-4DA9-A664-11F8DA6AACA8}.Debug|Any CPU.Build.0 = Debug|Any CPU
		{2A5A39D2-EE7F-4DA9-A664-11F8DA6AACA8}.Debug|x64.ActiveCfg = Debug|Any CPU
		{2A5A39D2-EE7F-4DA9-A664-11F8DA6AACA8}.Debug|x64.Build.0 = Debug|Any CPU
		{2A5A39D2-EE7F-4DA9-A664-11F8DA6AACA8}.Debug|x86.ActiveCfg = Debug|Any CPU
		{2A5A39D2-EE7F-4DA9-A664-11F8DA6AACA8}.Debug|x86.Build.0 = Debug|Any CPU
		{2A5A39D2-EE7F-4DA9-A664-11F8DA6AACA8}.Release|Any CPU.ActiveCfg = Release|Any CPU
		{2A5A39D2-EE7F-4DA9-A664-11F8DA6AACA8}.Release|Any CPU.Build.0 = Release|Any CPU
		{2A5A39D2-EE7F-4DA9-A664-11F8DA6AACA8}.Release|x64.ActiveCfg = Release|Any CPU
		{2A5A39D2-EE7F-4DA9-A664-11F8DA6AACA8}.Release|x64.Build.0 = Release|Any CPU
		{2A5A39D2-EE7F-4DA9-A664-11F8DA6AACA8}.Release|x86.ActiveCfg = Release|Any CPU
		{2A5A39D2-EE7F-4DA9-A664-11F8DA6AACA8}.Release|x86.Build.0 = Release|Any CPU
		{89CB6EED-7A82-4B09-8211-A4FAB32F0339}.Debug|Any CPU.ActiveCfg = Debug|Any CPU
		{89CB6EED-7A82-4B09-8211-A4FAB32F0339}.Debug|Any CPU.Build.0 = Debug|Any CPU
		{89CB6EED-7A82-4B09-8211-A4FAB32F0339}.Debug|x64.ActiveCfg = Debug|Any CPU
		{89CB6EED-7A82-4B09-8211-A4FAB32F0339}.Debug|x64.Build.0 = Debug|Any CPU
		{89CB6EED-7A82-4B09-8211-A4FAB32F0339}.Debug|x86.ActiveCfg = Debug|Any CPU
		{89CB6EED-7A82-4B09-8211-A4FAB32F0339}.Debug|x86.Build.0 = Debug|Any CPU
		{89CB6EED-7A82-4B09-8211-A4FAB32F0339}.Release|Any CPU.ActiveCfg = Release|Any CPU
		{89CB6EED-7A82-4B09-8211-A4FAB32F0339}.Release|Any CPU.Build.0 = Release|Any CPU
		{89CB6EED-7A82-4B09-8211-A4FAB32F0339}.Release|x64.ActiveCfg = Release|Any CPU
		{89CB6EED-7A82-4B09-8211-A4FAB32F0339}.Release|x64.Build.0 = Release|Any CPU
		{89CB6EED-7A82-4B09-8211-A4FAB32F0339}.Release|x86.ActiveCfg = Release|Any CPU
		{89CB6EED-7A82-4B09-8211-A4FAB32F0339}.Release|x86.Build.0 = Release|Any CPU
		{C11B9BEF-8762-456B-8FC5-89870B98E301}.Debug|Any CPU.ActiveCfg = Debug|Any CPU
		{C11B9BEF-8762-456B-8FC5-89870B98E301}.Debug|Any CPU.Build.0 = Debug|Any CPU
		{C11B9BEF-8762-456B-8FC5-89870B98E301}.Debug|x64.ActiveCfg = Debug|Any CPU
		{C11B9BEF-8762-456B-8FC5-89870B98E301}.Debug|x64.Build.0 = Debug|Any CPU
		{C11B9BEF-8762-456B-8FC5-89870B98E301}.Debug|x86.ActiveCfg = Debug|Any CPU
		{C11B9BEF-8762-456B-8FC5-89870B98E301}.Debug|x86.Build.0 = Debug|Any CPU
		{C11B9BEF-8762-456B-8FC5-89870B98E301}.Release|Any CPU.ActiveCfg = Release|Any CPU
		{C11B9BEF-8762-456B-8FC5-89870B98E301}.Release|Any CPU.Build.0 = Release|Any CPU
		{C11B9BEF-8762-456B-8FC5-89870B98E301}.Release|x64.ActiveCfg = Release|Any CPU
		{C11B9BEF-8762-456B-8FC5-89870B98E301}.Release|x64.Build.0 = Release|Any CPU
		{C11B9BEF-8762-456B-8FC5-89870B98E301}.Release|x86.ActiveCfg = Release|Any CPU
		{C11B9BEF-8762-456B-8FC5-89870B98E301}.Release|x86.Build.0 = Release|Any CPU
		{1DDD89D7-EDC5-4C89-B0C2-C881769BFB94}.Debug|Any CPU.ActiveCfg = Debug|Any CPU
		{1DDD89D7-EDC5-4C89-B0C2-C881769BFB94}.Debug|Any CPU.Build.0 = Debug|Any CPU
		{1DDD89D7-EDC5-4C89-B0C2-C881769BFB94}.Debug|x64.ActiveCfg = Debug|Any CPU
		{1DDD89D7-EDC5-4C89-B0C2-C881769BFB94}.Debug|x64.Build.0 = Debug|Any CPU
		{1DDD89D7-EDC5-4C89-B0C2-C881769BFB94}.Debug|x86.ActiveCfg = Debug|Any CPU
		{1DDD89D7-EDC5-4C89-B0C2-C881769BFB94}.Debug|x86.Build.0 = Debug|Any CPU
		{1DDD89D7-EDC5-4C89-B0C2-C881769BFB94}.Release|Any CPU.ActiveCfg = Release|Any CPU
		{1DDD89D7-EDC5-4C89-B0C2-C881769BFB94}.Release|Any CPU.Build.0 = Release|Any CPU
		{1DDD89D7-EDC5-4C89-B0C2-C881769BFB94}.Release|x64.ActiveCfg = Release|Any CPU
		{1DDD89D7-EDC5-4C89-B0C2-C881769BFB94}.Release|x64.Build.0 = Release|Any CPU
		{1DDD89D7-EDC5-4C89-B0C2-C881769BFB94}.Release|x86.ActiveCfg = Release|Any CPU
		{1DDD89D7-EDC5-4C89-B0C2-C881769BFB94}.Release|x86.Build.0 = Release|Any CPU
		{75CC84F6-1BC0-490C-A3D5-DF3DCFE8D2B2}.Debug|Any CPU.ActiveCfg = Debug|Any CPU
		{75CC84F6-1BC0-490C-A3D5-DF3DCFE8D2B2}.Debug|Any CPU.Build.0 = Debug|Any CPU
		{75CC84F6-1BC0-490C-A3D5-DF3DCFE8D2B2}.Debug|x64.ActiveCfg = Debug|Any CPU
		{75CC84F6-1BC0-490C-A3D5-DF3DCFE8D2B2}.Debug|x64.Build.0 = Debug|Any CPU
		{75CC84F6-1BC0-490C-A3D5-DF3DCFE8D2B2}.Debug|x86.ActiveCfg = Debug|Any CPU
		{75CC84F6-1BC0-490C-A3D5-DF3DCFE8D2B2}.Debug|x86.Build.0 = Debug|Any CPU
		{75CC84F6-1BC0-490C-A3D5-DF3DCFE8D2B2}.Release|Any CPU.ActiveCfg = Release|Any CPU
		{75CC84F6-1BC0-490C-A3D5-DF3DCFE8D2B2}.Release|Any CPU.Build.0 = Release|Any CPU
		{75CC84F6-1BC0-490C-A3D5-DF3DCFE8D2B2}.Release|x64.ActiveCfg = Release|Any CPU
		{75CC84F6-1BC0-490C-A3D5-DF3DCFE8D2B2}.Release|x64.Build.0 = Release|Any CPU
		{75CC84F6-1BC0-490C-A3D5-DF3DCFE8D2B2}.Release|x86.ActiveCfg = Release|Any CPU
		{75CC84F6-1BC0-490C-A3D5-DF3DCFE8D2B2}.Release|x86.Build.0 = Release|Any CPU
		{06C63E9D-1C5A-4E1D-A9D2-F54C9518D8FA}.Debug|Any CPU.ActiveCfg = Debug|Any CPU
		{06C63E9D-1C5A-4E1D-A9D2-F54C9518D8FA}.Debug|Any CPU.Build.0 = Debug|Any CPU
		{06C63E9D-1C5A-4E1D-A9D2-F54C9518D8FA}.Debug|x64.ActiveCfg = Debug|Any CPU
		{06C63E9D-1C5A-4E1D-A9D2-F54C9518D8FA}.Debug|x64.Build.0 = Debug|Any CPU
		{06C63E9D-1C5A-4E1D-A9D2-F54C9518D8FA}.Debug|x86.ActiveCfg = Debug|Any CPU
		{06C63E9D-1C5A-4E1D-A9D2-F54C9518D8FA}.Debug|x86.Build.0 = Debug|Any CPU
		{06C63E9D-1C5A-4E1D-A9D2-F54C9518D8FA}.Release|Any CPU.ActiveCfg = Release|Any CPU
		{06C63E9D-1C5A-4E1D-A9D2-F54C9518D8FA}.Release|Any CPU.Build.0 = Release|Any CPU
		{06C63E9D-1C5A-4E1D-A9D2-F54C9518D8FA}.Release|x64.ActiveCfg = Release|Any CPU
		{06C63E9D-1C5A-4E1D-A9D2-F54C9518D8FA}.Release|x64.Build.0 = Release|Any CPU
		{06C63E9D-1C5A-4E1D-A9D2-F54C9518D8FA}.Release|x86.ActiveCfg = Release|Any CPU
		{06C63E9D-1C5A-4E1D-A9D2-F54C9518D8FA}.Release|x86.Build.0 = Release|Any CPU
		{BD50A2DB-13A1-4749-AF0D-B60704FEBD0B}.Debug|Any CPU.ActiveCfg = Debug|Any CPU
		{BD50A2DB-13A1-4749-AF0D-B60704FEBD0B}.Debug|Any CPU.Build.0 = Debug|Any CPU
		{BD50A2DB-13A1-4749-AF0D-B60704FEBD0B}.Debug|x64.ActiveCfg = Debug|Any CPU
		{BD50A2DB-13A1-4749-AF0D-B60704FEBD0B}.Debug|x64.Build.0 = Debug|Any CPU
		{BD50A2DB-13A1-4749-AF0D-B60704FEBD0B}.Debug|x86.ActiveCfg = Debug|Any CPU
		{BD50A2DB-13A1-4749-AF0D-B60704FEBD0B}.Debug|x86.Build.0 = Debug|Any CPU
		{BD50A2DB-13A1-4749-AF0D-B60704FEBD0B}.Release|Any CPU.ActiveCfg = Release|Any CPU
		{BD50A2DB-13A1-4749-AF0D-B60704FEBD0B}.Release|Any CPU.Build.0 = Release|Any CPU
		{BD50A2DB-13A1-4749-AF0D-B60704FEBD0B}.Release|x64.ActiveCfg = Release|Any CPU
		{BD50A2DB-13A1-4749-AF0D-B60704FEBD0B}.Release|x64.Build.0 = Release|Any CPU
		{BD50A2DB-13A1-4749-AF0D-B60704FEBD0B}.Release|x86.ActiveCfg = Release|Any CPU
		{BD50A2DB-13A1-4749-AF0D-B60704FEBD0B}.Release|x86.Build.0 = Release|Any CPU
		{668A9604-7E97-44FD-9729-69C75C41AC08}.Debug|Any CPU.ActiveCfg = Debug|Any CPU
		{668A9604-7E97-44FD-9729-69C75C41AC08}.Debug|Any CPU.Build.0 = Debug|Any CPU
		{668A9604-7E97-44FD-9729-69C75C41AC08}.Debug|x64.ActiveCfg = Debug|Any CPU
		{668A9604-7E97-44FD-9729-69C75C41AC08}.Debug|x64.Build.0 = Debug|Any CPU
		{668A9604-7E97-44FD-9729-69C75C41AC08}.Debug|x86.ActiveCfg = Debug|Any CPU
		{668A9604-7E97-44FD-9729-69C75C41AC08}.Debug|x86.Build.0 = Debug|Any CPU
		{668A9604-7E97-44FD-9729-69C75C41AC08}.Release|Any CPU.ActiveCfg = Release|Any CPU
		{668A9604-7E97-44FD-9729-69C75C41AC08}.Release|Any CPU.Build.0 = Release|Any CPU
		{668A9604-7E97-44FD-9729-69C75C41AC08}.Release|x64.ActiveCfg = Release|Any CPU
		{668A9604-7E97-44FD-9729-69C75C41AC08}.Release|x64.Build.0 = Release|Any CPU
		{668A9604-7E97-44FD-9729-69C75C41AC08}.Release|x86.ActiveCfg = Release|Any CPU
		{668A9604-7E97-44FD-9729-69C75C41AC08}.Release|x86.Build.0 = Release|Any CPU
	EndGlobalSection
	GlobalSection(SolutionProperties) = preSolution
		HideSolutionNode = FALSE
	EndGlobalSection
	GlobalSection(NestedProjects) = preSolution
		{226EA79B-D58B-46E2-93EF-33B5AF807955} = {155EB44D-EA3E-4FF2-8155-B2FA2CEA0320}
		{640F6780-9097-4803-A779-2EB83E6F43FC} = {1727D6F0-DB96-4166-A2F6-E644A0BC8C56}
		{998AF00A-5A65-445C-AC39-87860DB99477} = {1727D6F0-DB96-4166-A2F6-E644A0BC8C56}
		{C7B249A8-0B5F-4728-A1DB-FFC43E0A28AC} = {1727D6F0-DB96-4166-A2F6-E644A0BC8C56}
		{77CD1E54-B27D-41DD-AD66-3C2C9AE5C652} = {1727D6F0-DB96-4166-A2F6-E644A0BC8C56}
		{2A5A39D2-EE7F-4DA9-A664-11F8DA6AACA8} = {239A62D8-C598-46B9-B538-F94ABAC00B78}
		{89CB6EED-7A82-4B09-8211-A4FAB32F0339} = {239A62D8-C598-46B9-B538-F94ABAC00B78}
		{1DDD89D7-EDC5-4C89-B0C2-C881769BFB94} = {155EB44D-EA3E-4FF2-8155-B2FA2CEA0320}
	EndGlobalSection
	GlobalSection(ExtensibilityGlobals) = postSolution
		SolutionGuid = {293BD2D6-0CD1-42A1-B21C-6B9CEFFCA8ED}
	EndGlobalSection
EndGlobal
