
Microsoft Visual Studio Solution File, Format Version 12.00
# Visual Studio Version 18
VisualStudioVersion = 18.1.11312.151 d18.0
MinimumVisualStudioVersion = 10.0.40219.1
Project("{FAE04EC0-301F-11D3-BF4B-00C04F79EFBC}") = "Fluffle.TelegramBot", "Fluffle.TelegramBot\Fluffle.TelegramBot.csproj", "{ADFC7E31-E61E-8CA8-0041-2B0C14C6B9C4}"
EndProject
Global
	GlobalSection(SolutionConfigurationPlatforms) = preSolution
		Debug|Any CPU = Debug|Any CPU
		Release|Any CPU = Release|Any CPU
	EndGlobalSection
	GlobalSection(ProjectConfigurationPlatforms) = postSolution
		{ADFC7E31-E61E-8CA8-0041-2B0C14C6B9C4}.Debug|Any CPU.ActiveCfg = Debug|Any CPU
		{ADFC7E31-E61E-8CA8-0041-2B0C14C6B9C4}.Debug|Any CPU.Build.0 = Debug|Any CPU
		{ADFC7E31-E61E-8CA8-0041-2B0C14C6B9C4}.Release|Any CPU.ActiveCfg = Release|Any CPU
		{ADFC7E31-E61E-8CA8-0041-2B0C14C6B9C4}.Release|Any CPU.Build.0 = Release|Any CPU
	EndGlobalSection
	GlobalSection(SolutionProperties) = preSolution
		HideSolutionNode = FALSE
	EndGlobalSection
EndGlobal
